// !$*UTF8*$!
{
	archiveVersion = 1;
	classes = {
	};
	objectVersion = 46;
	objects = {

/* Begin PBXBuildFile section */
		163C2CB51645389400425321 /* UIKit.framework in Frameworks */ = {isa = PBXBuildFile; fileRef = 163C2CB41645389400425321 /* UIKit.framework */; };
		163C2CB71645389400425321 /* Foundation.framework in Frameworks */ = {isa = PBXBuildFile; fileRef = 163C2CB61645389400425321 /* Foundation.framework */; };
		163C2CB91645389400425321 /* CoreGraphics.framework in Frameworks */ = {isa = PBXBuildFile; fileRef = 163C2CB81645389400425321 /* CoreGraphics.framework */; };
		163C2CBF1645389400425321 /* InfoPlist.strings in Resources */ = {isa = PBXBuildFile; fileRef = 163C2CBD1645389400425321 /* InfoPlist.strings */; };
		163C2CC11645389400425321 /* main.m in Sources */ = {isa = PBXBuildFile; fileRef = 163C2CC01645389400425321 /* main.m */; };
		163C2CC51645389400425321 /* AppDelegate.m in Sources */ = {isa = PBXBuildFile; fileRef = 163C2CC41645389400425321 /* AppDelegate.m */; };
		163C2CC71645389400425321 /* Default.png in Resources */ = {isa = PBXBuildFile; fileRef = 163C2CC61645389400425321 /* Default.png */; };
		163C2CC91645389400425321 /* Default@2x.png in Resources */ = {isa = PBXBuildFile; fileRef = 163C2CC81645389400425321 /* Default@2x.png */; };
		163C2CCB1645389400425321 /* Default-568h@2x.png in Resources */ = {isa = PBXBuildFile; fileRef = 163C2CCA1645389400425321 /* Default-568h@2x.png */; };
		163C2CCE1645389400425321 /* ViewController.m in Sources */ = {isa = PBXBuildFile; fileRef = 163C2CCD1645389400425321 /* ViewController.m */; };
		163C2CD11645389400425321 /* ViewController.xib in Resources */ = {isa = PBXBuildFile; fileRef = 163C2CCF1645389400425321 /* ViewController.xib */; };
/* End PBXBuildFile section */

/* Begin PBXFileReference section */
		163C2CB01645389400425321 /* CustomAlertView.app */ = {isa = PBXFileReference; explicitFileType = wrapper.application; includeInIndex = 0; path = CustomAlertView.app; sourceTree = BUILT_PRODUCTS_DIR; };
		163C2CB41645389400425321 /* UIKit.framework */ = {isa = PBXFileReference; lastKnownFileType = wrapper.framework; name = UIKit.framework; path = System/Library/Frameworks/UIKit.framework; sourceTree = SDKROOT; };
		163C2CB61645389400425321 /* Foundation.framework */ = {isa = PBXFileReference; lastKnownFileType = wrapper.framework; name = Foundation.framework; path = System/Library/Frameworks/Foundation.framework; sourceTree = SDKROOT; };
		163C2CB81645389400425321 /* CoreGraphics.framework */ = {isa = PBXFileReference; lastKnownFileType = wrapper.framework; name = CoreGraphics.framework; path = System/Library/Frameworks/CoreGraphics.framework; sourceTree = SDKROOT; };
		163C2CBC1645389400425321 /* CustomAlertView-Info.plist */ = {isa = PBXFileReference; lastKnownFileType = text.plist.xml; path = "CustomAlertView-Info.plist"; sourceTree = "<group>"; };
		163C2CBE1645389400425321 /* en */ = {isa = PBXFileReference; lastKnownFileType = text.plist.strings; name = en; path = en.lproj/InfoPlist.strings; sourceTree = "<group>"; };
		163C2CC01645389400425321 /* main.m */ = {isa = PBXFileReference; lastKnownFileType = sourcecode.c.objc; path = main.m; sourceTree = "<group>"; };
		163C2CC21645389400425321 /* CustomAlertView-Prefix.pch */ = {isa = PBXFileReference; lastKnownFileType = sourcecode.c.h; path = "CustomAlertView-Prefix.pch"; sourceTree = "<group>"; };
		163C2CC31645389400425321 /* AppDelegate.h */ = {isa = PBXFileReference; lastKnownFileType = sourcecode.c.h; path = AppDelegate.h; sourceTree = "<group>"; };
		163C2CC41645389400425321 /* AppDelegate.m */ = {isa = PBXFileReference; lastKnownFileType = sourcecode.c.objc; path = AppDelegate.m; sourceTree = "<group>"; };
		163C2CC61645389400425321 /* Default.png */ = {isa = PBXFileReference; lastKnownFileType = image.png; path = Default.png; sourceTree = "<group>"; };
		163C2CC81645389400425321 /* Default@2x.png */ = {isa = PBXFileReference; lastKnownFileType = image.png; path = "Default@2x.png"; sourceTree = "<group>"; };
		163C2CCA1645389400425321 /* Default-568h@2x.png */ = {isa = PBXFileReference; lastKnownFileType = image.png; path = "Default-568h@2x.png"; sourceTree = "<group>"; };
		163C2CCC1645389400425321 /* ViewController.h */ = {isa = PBXFileReference; lastKnownFileType = sourcecode.c.h; path = ViewController.h; sourceTree = "<group>"; };
		163C2CCD1645389400425321 /* ViewController.m */ = {isa = PBXFileReference; lastKnownFileType = sourcecode.c.objc; path = ViewController.m; sourceTree = "<group>"; };
		163C2CD01645389400425321 /* en */ = {isa = PBXFileReference; lastKnownFileType = file.xib; name = en; path = en.lproj/ViewController.xib; sourceTree = "<group>"; };
/* End PBXFileReference section */

/* Begin PBXFrameworksBuildPhase section */
		163C2CAD1645389400425321 /* Frameworks */ = {
			isa = PBXFrameworksBuildPhase;
			buildActionMask = 2147483647;
			files = (
				163C2CB51645389400425321 /* UIKit.framework in Frameworks */,
				163C2CB71645389400425321 /* Foundation.framework in Frameworks */,
				163C2CB91645389400425321 /* CoreGraphics.framework in Frameworks */,
			);
			runOnlyForDeploymentPostprocessing = 0;
		};
/* End PBXFrameworksBuildPhase section */

/* Begin PBXGroup section */
		163C2CA51645389400425321 = {
			isa = PBXGroup;
			children = (
				163C2CBA1645389400425321 /* CustomAlertView */,
				163C2CB31645389400425321 /* Frameworks */,
				163C2CB11645389400425321 /* Products */,
			);
			sourceTree = "<group>";
		};
		163C2CB11645389400425321 /* Products */ = {
			isa = PBXGroup;
			children = (
				163C2CB01645389400425321 /* CustomAlertView.app */,
			);
			name = Products;
			sourceTree = "<group>";
		};
		163C2CB31645389400425321 /* Frameworks */ = {
			isa = PBXGroup;
			children = (
				163C2CB41645389400425321 /* UIKit.framework */,
				163C2CB61645389400425321 /* Foundation.framework */,
				163C2CB81645389400425321 /* CoreGraphics.framework */,
			);
			name = Frameworks;
			sourceTree = "<group>";
		};
		163C2CBA1645389400425321 /* CustomAlertView */ = {
			isa = PBXGroup;
			children = (
				163C2CC31645389400425321 /* AppDelegate.h */,
				163C2CC41645389400425321 /* AppDelegate.m */,
				163C2CCC1645389400425321 /* ViewController.h */,
				163C2CCD1645389400425321 /* ViewController.m */,
				163C2CCF1645389400425321 /* ViewController.xib */,
				163C2CBB1645389400425321 /* Supporting Files */,
			);
			path = CustomAlertView;
			sourceTree = "<group>";
		};
		163C2CBB1645389400425321 /* Supporting Files */ = {
			isa = PBXGroup;
			children = (
				163C2CBC1645389400425321 /* CustomAlertView-Info.plist */,
				163C2CBD1645389400425321 /* InfoPlist.strings */,
				163C2CC01645389400425321 /* main.m */,
				163C2CC21645389400425321 /* CustomAlertView-Prefix.pch */,
				163C2CC61645389400425321 /* Default.png */,
				163C2CC81645389400425321 /* Default@2x.png */,
				163C2CCA1645389400425321 /* Default-568h@2x.png */,
			);
			name = "Supporting Files";
			sourceTree = "<group>";
		};
/* End PBXGroup section */

/* Begin PBXNativeTarget section */
		163C2CAF1645389400425321 /* CustomAlertView */ = {
			isa = PBXNativeTarget;
			buildConfigurationList = 163C2CD41645389400425321 /* Build configuration list for PBXNativeTarget "CustomAlertView" */;
			buildPhases = (
				163C2CAC1645389400425321 /* Sources */,
				163C2CAD1645389400425321 /* Frameworks */,
				163C2CAE1645389400425321 /* Resources */,
			);
			buildRules = (
			);
			dependencies = (
			);
			name = CustomAlertView;
			productName = CustomAlertView;
			productReference = 163C2CB01645389400425321 /* CustomAlertView.app */;
			productType = "com.apple.product-type.application";
		};
/* End PBXNativeTarget section */

/* Begin PBXProject section */
		163C2CA71645389400425321 /* Project object */ = {
			isa = PBXProject;
			attributes = {
				LastUpgradeCheck = 0450;
				ORGANIZATIONNAME = Akabeko;
			};
			buildConfigurationList = 163C2CAA1645389400425321 /* Build configuration list for PBXProject "CustomAlertView" */;
			compatibilityVersion = "Xcode 3.2";
			developmentRegion = English;
			hasScannedForEncodings = 0;
			knownRegions = (
				en,
			);
			mainGroup = 163C2CA51645389400425321;
			productRefGroup = 163C2CB11645389400425321 /* Products */;
			projectDirPath = "";
			projectRoot = "";
			targets = (
				163C2CAF1645389400425321 /* CustomAlertView */,
			);
		};
/* End PBXProject section */

/* Begin PBXResourcesBuildPhase section */
		163C2CAE1645389400425321 /* Resources */ = {
			isa = PBXResourcesBuildPhase;
			buildActionMask = 2147483647;
			files = (
				163C2CBF1645389400425321 /* InfoPlist.strings in Resources */,
				163C2CC71645389400425321 /* Default.png in Resources */,
				163C2CC91645389400425321 /* Default@2x.png in Resources */,
				163C2CCB1645389400425321 /* Default-568h@2x.png in Resources */,
				163C2CD11645389400425321 /* ViewController.xib in Resources */,
			);
			runOnlyForDeploymentPostprocessing = 0;
		};
/* End PBXResourcesBuildPhase section */

/* Begin PBXSourcesBuildPhase section */
		163C2CAC1645389400425321 /* Sources */ = {
			isa = PBXSourcesBuildPhase;
			buildActionMask = 2147483647;
			files = (
				163C2CC11645389400425321 /* main.m in Sources */,
				163C2CC51645389400425321 /* AppDelegate.m in Sources */,
				163C2CCE1645389400425321 /* ViewController.m in Sources */,
			);
			runOnlyForDeploymentPostprocessing = 0;
		};
/* End PBXSourcesBuildPhase section */

/* Begin PBXVariantGroup section */
		163C2CBD1645389400425321 /* InfoPlist.strings */ = {
			isa = PBXVariantGroup;
			children = (
				163C2CBE1645389400425321 /* en */,
			);
			name = InfoPlist.strings;
			sourceTree = "<group>";
		};
		163C2CCF1645389400425321 /* ViewController.xib */ = {
			isa = PBXVariantGroup;
			children = (
				163C2CD01645389400425321 /* en */,
			);
			name = ViewController.xib;
			sourceTree = "<group>";
		};
/* End PBXVariantGroup section */

/* Begin XCBuildConfiguration section */
		163C2CD21645389400425321 /* Debug */ = {
			isa = XCBuildConfiguration;
			buildSettings = {
				ALWAYS_SEARCH_USER_PATHS = NO;
				CLANG_CXX_LANGUAGE_STANDARD = "gnu++0x";
				CLANG_CXX_LIBRARY = "libc++";
				CLANG_WARN_EMPTY_BODY = YES;
				CLANG_WARN__DUPLICATE_METHOD_MATCH = YES;
				"CODE_SIGN_IDENTITY[sdk=iphoneos*]" = "iPhone Developer";
				COPY_PHASE_STRIP = NO;
				GCC_C_LANGUAGE_STANDARD = gnu99;
				GCC_DYNAMIC_NO_PIC = NO;
				GCC_OPTIMIZATION_LEVEL = 0;
				GCC_PREPROCESSOR_DEFINITIONS = (
					"DEBUG=1",
					"$(inherited)",
				);
				GCC_SYMBOLS_PRIVATE_EXTERN = NO;
				GCC_WARN_ABOUT_RETURN_TYPE = YES;
				GCC_WARN_UNINITIALIZED_AUTOS = YES;
				GCC_WARN_UNUSED_VARIABLE = YES;
				IPHONEOS_DEPLOYMENT_TARGET = 6.0;
				ONLY_ACTIVE_ARCH = YES;
				SDKROOT = iphoneos;
			};
			name = Debug;
		};
		163C2CD31645389400425321 /* Release */ = {
			isa = XCBuildConfiguration;
			buildSettings = {
				ALWAYS_SEARCH_USER_PATHS = NO;
				CLANG_CXX_LANGUAGE_STANDARD = "gnu++0x";
				CLANG_CXX_LIBRARY = "libc++";
				CLANG_WARN_EMPTY_BODY = YES;
				CLANG_WARN__DUPLICATE_METHOD_MATCH = YES;
				"CODE_SIGN_IDENTITY[sdk=iphoneos*]" = "iPhone Developer";
				COPY_PHASE_STRIP = YES;
				GCC_C_LANGUAGE_STANDARD = gnu99;
				GCC_WARN_ABOUT_RETURN_TYPE = YES;
				GCC_WARN_UNINITIALIZED_AUTOS = YES;
				GCC_WARN_UNUSED_VARIABLE = YES;
				IPHONEOS_DEPLOYMENT_TARGET = 6.0;
				OTHER_CFLAGS = "-DNS_BLOCK_ASSERTIONS=1";
				SDKROOT = iphoneos;
				VALIDATE_PRODUCT = YES;
			};
			name = Release;
		};
		163C2CD51645389400425321 /* Debug */ = {
			isa = XCBuildConfiguration;
			buildSettings = {
				GCC_PRECOMPILE_PREFIX_HEADER = YES;
				GCC_PREFIX_HEADER = "CustomAlertView/CustomAlertView-Prefix.pch";
				INFOPLIST_FILE = "CustomAlertView/CustomAlertView-Info.plist";
				PRODUCT_NAME = "$(TARGET_NAME)";
				WRAPPER_EXTENSION = app;
			};
			name = Debug;
		};
		163C2CD61645389400425321 /* Release */ = {
			isa = XCBuildConfiguration;
			buildSettings = {
				GCC_PRECOMPILE_PREFIX_HEADER = YES;
				GCC_PREFIX_HEADER = "CustomAlertView/CustomAlertView-Prefix.pch";
				INFOPLIST_FILE = "CustomAlertView/CustomAlertView-Info.plist";
				PRODUCT_NAME = "$(TARGET_NAME)";
				WRAPPER_EXTENSION = app;
			};
			name = Release;
		};
/* End XCBuildConfiguration section */

/* Begin XCConfigurationList section */
		163C2CAA1645389400425321 /* Build configuration list for PBXProject "CustomAlertView" */ = {
			isa = XCConfigurationList;
			buildConfigurations = (
				163C2CD21645389400425321 /* Debug */,
				163C2CD31645389400425321 /* Release */,
			);
			defaultConfigurationIsVisible = 0;
			defaultConfigurationName = Release;
		};
		163C2CD41645389400425321 /* Build configuration list for PBXNativeTarget "CustomAlertView" */ = {
			isa = XCConfigurationList;
			buildConfigurations = (
				163C2CD51645389400425321 /* Debug */,
				163C2CD61645389400425321 /* Release */,
			);
			defaultConfigurationIsVisible = 0;
		};
/* End XCConfigurationList section */
	};
	rootObject = 163C2CA71645389400425321 /* Project object */;
}
