// !$*UTF8*$!
{
	archiveVersion = 1;
	classes = {
	};
	objectVersion = 46;
	objects = {

/* Begin PBXBuildFile section */
		1608A27B1618984D00783911 /* AssetsLibrary.framework in Frameworks */ = {isa = PBXBuildFile; fileRef = 1608A27A1618984D00783911 /* AssetsLibrary.framework */; };
		1615F81816173F2A0046FCDB /* UIKit.framework in Frameworks */ = {isa = PBXBuildFile; fileRef = 1615F81716173F2A0046FCDB /* UIKit.framework */; };
		1615F81A16173F2A0046FCDB /* Foundation.framework in Frameworks */ = {isa = PBXBuildFile; fileRef = 1615F81916173F2A0046FCDB /* Foundation.framework */; };
		1615F81C16173F2A0046FCDB /* CoreGraphics.framework in Frameworks */ = {isa = PBXBuildFile; fileRef = 1615F81B16173F2A0046FCDB /* CoreGraphics.framework */; };
		1615F82216173F2A0046FCDB /* InfoPlist.strings in Resources */ = {isa = PBXBuildFile; fileRef = 1615F82016173F2A0046FCDB /* InfoPlist.strings */; };
		1615F82416173F2A0046FCDB /* main.m in Sources */ = {isa = PBXBuildFile; fileRef = 1615F82316173F2A0046FCDB /* main.m */; };
		1615F82816173F2A0046FCDB /* AppDelegate.m in Sources */ = {isa = PBXBuildFile; fileRef = 1615F82716173F2A0046FCDB /* AppDelegate.m */; };
		1615F83116173F2A0046FCDB /* MenuViewController.m in Sources */ = {isa = PBXBuildFile; fileRef = 1615F83016173F2A0046FCDB /* MenuViewController.m */; };
		1615F83416173F2A0046FCDB /* MenuViewController.xib in Resources */ = {isa = PBXBuildFile; fileRef = 1615F83216173F2A0046FCDB /* MenuViewController.xib */; };
		165B83321621CFC100A68777 /* AssetsViewController.m in Sources */ = {isa = PBXBuildFile; fileRef = 165B83301621CFC100A68777 /* AssetsViewController.m */; };
		165B83331621CFC100A68777 /* AssetsViewController.xib in Resources */ = {isa = PBXBuildFile; fileRef = 165B83311621CFC100A68777 /* AssetsViewController.xib */; };
		16834FBD1621D8EB0045F03F /* Default-568h@2x.png in Resources */ = {isa = PBXBuildFile; fileRef = 16834FB81621D8EB0045F03F /* Default-568h@2x.png */; };
		16834FBE1621D8EB0045F03F /* Default.png in Resources */ = {isa = PBXBuildFile; fileRef = 16834FB91621D8EB0045F03F /* Default.png */; };
		16834FBF1621D8EB0045F03F /* Default@2x.png in Resources */ = {isa = PBXBuildFile; fileRef = 16834FBA1621D8EB0045F03F /* Default@2x.png */; };
		16834FC01621D8EB0045F03F /* Icon.png in Resources */ = {isa = PBXBuildFile; fileRef = 16834FBB1621D8EB0045F03F /* Icon.png */; };
		16834FC11621D8EB0045F03F /* Icon@2x.png in Resources */ = {isa = PBXBuildFile; fileRef = 16834FBC1621D8EB0045F03F /* Icon@2x.png */; };
		16834FC91621DBFB0045F03F /* ABGridView.m in Sources */ = {isa = PBXBuildFile; fileRef = 16834FC81621DBFB0045F03F /* ABGridView.m */; };
		168B676016229CAE002FE4F0 /* AssetCellViewController.m in Sources */ = {isa = PBXBuildFile; fileRef = 168B675E16229CAE002FE4F0 /* AssetCellViewController.m */; };
		168B676116229CAE002FE4F0 /* AssetCellViewController.xib in Resources */ = {isa = PBXBuildFile; fileRef = 168B675F16229CAE002FE4F0 /* AssetCellViewController.xib */; };
		16A24487161837FF00E7D0DD /* MediaPlayer.framework in Frameworks */ = {isa = PBXBuildFile; fileRef = 16A24486161837FF00E7D0DD /* MediaPlayer.framework */; };
		16A244891618383100E7D0DD /* AVFoundation.framework in Frameworks */ = {isa = PBXBuildFile; fileRef = 16A244881618383100E7D0DD /* AVFoundation.framework */; };
		16BC396F1622C5A5000C8E99 /* AVPlayerView.m in Sources */ = {isa = PBXBuildFile; fileRef = 16BC396E1622C5A4000C8E99 /* AVPlayerView.m */; };
		16BC39741622CAFE000C8E99 /* pause.png in Resources */ = {isa = PBXBuildFile; fileRef = 16BC39701622CAFE000C8E99 /* pause.png */; };
		16BC39751622CAFE000C8E99 /* pause@2x.png in Resources */ = {isa = PBXBuildFile; fileRef = 16BC39711622CAFE000C8E99 /* pause@2x.png */; };
		16BC39761622CAFE000C8E99 /* play.png in Resources */ = {isa = PBXBuildFile; fileRef = 16BC39721622CAFE000C8E99 /* play.png */; };
		16BC39771622CAFE000C8E99 /* play@2x.png in Resources */ = {isa = PBXBuildFile; fileRef = 16BC39731622CAFE000C8E99 /* play@2x.png */; };
		16BC397D1622ED92000C8E99 /* CoreMedia.framework in Frameworks */ = {isa = PBXBuildFile; fileRef = 16BC397C1622ED92000C8E99 /* CoreMedia.framework */; };
		16FA4A25161744BE0055FC5C /* MoviePlayerViewController.m in Sources */ = {isa = PBXBuildFile; fileRef = 16FA4A23161744BE0055FC5C /* MoviePlayerViewController.m */; };
		16FA4A26161744BE0055FC5C /* MoviePlayerViewController.xib in Resources */ = {isa = PBXBuildFile; fileRef = 16FA4A24161744BE0055FC5C /* MoviePlayerViewController.xib */; };
		16FA4A2A161745070055FC5C /* AVPlayerViewController.m in Sources */ = {isa = PBXBuildFile; fileRef = 16FA4A28161745070055FC5C /* AVPlayerViewController.m */; };
		16FA4A2B161745070055FC5C /* AVPlayerViewController.xib in Resources */ = {isa = PBXBuildFile; fileRef = 16FA4A29161745070055FC5C /* AVPlayerViewController.xib */; };
/* End PBXBuildFile section */

/* Begin PBXFileReference section */
		1608A27A1618984D00783911 /* AssetsLibrary.framework */ = {isa = PBXFileReference; lastKnownFileType = wrapper.framework; name = AssetsLibrary.framework; path = System/Library/Frameworks/AssetsLibrary.framework; sourceTree = SDKROOT; };
		1615F81316173F2A0046FCDB /* VideoPlayer.app */ = {isa = PBXFileReference; explicitFileType = wrapper.application; includeInIndex = 0; path = VideoPlayer.app; sourceTree = BUILT_PRODUCTS_DIR; };
		1615F81716173F2A0046FCDB /* UIKit.framework */ = {isa = PBXFileReference; lastKnownFileType = wrapper.framework; name = UIKit.framework; path = System/Library/Frameworks/UIKit.framework; sourceTree = SDKROOT; };
		1615F81916173F2A0046FCDB /* Foundation.framework */ = {isa = PBXFileReference; lastKnownFileType = wrapper.framework; name = Foundation.framework; path = System/Library/Frameworks/Foundation.framework; sourceTree = SDKROOT; };
		1615F81B16173F2A0046FCDB /* CoreGraphics.framework */ = {isa = PBXFileReference; lastKnownFileType = wrapper.framework; name = CoreGraphics.framework; path = System/Library/Frameworks/CoreGraphics.framework; sourceTree = SDKROOT; };
		1615F81F16173F2A0046FCDB /* VideoPlayer-Info.plist */ = {isa = PBXFileReference; lastKnownFileType = text.plist.xml; path = "VideoPlayer-Info.plist"; sourceTree = "<group>"; };
		1615F82116173F2A0046FCDB /* en */ = {isa = PBXFileReference; lastKnownFileType = text.plist.strings; name = en; path = en.lproj/InfoPlist.strings; sourceTree = "<group>"; };
		1615F82316173F2A0046FCDB /* main.m */ = {isa = PBXFileReference; lastKnownFileType = sourcecode.c.objc; path = main.m; sourceTree = "<group>"; };
		1615F82516173F2A0046FCDB /* VideoPlayer-Prefix.pch */ = {isa = PBXFileReference; lastKnownFileType = sourcecode.c.h; path = "VideoPlayer-Prefix.pch"; sourceTree = "<group>"; };
		1615F82616173F2A0046FCDB /* AppDelegate.h */ = {isa = PBXFileReference; lastKnownFileType = sourcecode.c.h; path = AppDelegate.h; sourceTree = "<group>"; };
		1615F82716173F2A0046FCDB /* AppDelegate.m */ = {isa = PBXFileReference; lastKnownFileType = sourcecode.c.objc; path = AppDelegate.m; sourceTree = "<group>"; };
		1615F82F16173F2A0046FCDB /* MenuViewController.h */ = {isa = PBXFileReference; lastKnownFileType = sourcecode.c.h; path = MenuViewController.h; sourceTree = "<group>"; };
		1615F83016173F2A0046FCDB /* MenuViewController.m */ = {isa = PBXFileReference; lastKnownFileType = sourcecode.c.objc; path = MenuViewController.m; sourceTree = "<group>"; };
		1615F83316173F2A0046FCDB /* en */ = {isa = PBXFileReference; lastKnownFileType = file.xib; name = en; path = en.lproj/MenuViewController.xib; sourceTree = "<group>"; };
		165B832F1621CFC100A68777 /* AssetsViewController.h */ = {isa = PBXFileReference; fileEncoding = 4; lastKnownFileType = sourcecode.c.h; path = AssetsViewController.h; sourceTree = "<group>"; };
		165B83301621CFC100A68777 /* AssetsViewController.m */ = {isa = PBXFileReference; fileEncoding = 4; lastKnownFileType = sourcecode.c.objc; path = AssetsViewController.m; sourceTree = "<group>"; };
		165B83311621CFC100A68777 /* AssetsViewController.xib */ = {isa = PBXFileReference; fileEncoding = 4; lastKnownFileType = file.xib; path = AssetsViewController.xib; sourceTree = "<group>"; };
		16834FB81621D8EB0045F03F /* Default-568h@2x.png */ = {isa = PBXFileReference; lastKnownFileType = image.png; name = "Default-568h@2x.png"; path = "images/Default-568h@2x.png"; sourceTree = "<group>"; };
		16834FB91621D8EB0045F03F /* Default.png */ = {isa = PBXFileReference; lastKnownFileType = image.png; name = Default.png; path = images/Default.png; sourceTree = "<group>"; };
		16834FBA1621D8EB0045F03F /* Default@2x.png */ = {isa = PBXFileReference; lastKnownFileType = image.png; name = "Default@2x.png"; path = "images/Default@2x.png"; sourceTree = "<group>"; };
		16834FBB1621D8EB0045F03F /* Icon.png */ = {isa = PBXFileReference; lastKnownFileType = image.png; name = Icon.png; path = images/Icon.png; sourceTree = "<group>"; };
		16834FBC1621D8EB0045F03F /* Icon@2x.png */ = {isa = PBXFileReference; lastKnownFileType = image.png; name = "Icon@2x.png"; path = "images/Icon@2x.png"; sourceTree = "<group>"; };
		16834FC71621DBFB0045F03F /* ABGridView.h */ = {isa = PBXFileReference; fileEncoding = 4; lastKnownFileType = sourcecode.c.h; path = ABGridView.h; sourceTree = "<group>"; };
		16834FC81621DBFB0045F03F /* ABGridView.m */ = {isa = PBXFileReference; fileEncoding = 4; lastKnownFileType = sourcecode.c.objc; path = ABGridView.m; sourceTree = "<group>"; };
		168B675D16229CAE002FE4F0 /* AssetCellViewController.h */ = {isa = PBXFileReference; fileEncoding = 4; lastKnownFileType = sourcecode.c.h; path = AssetCellViewController.h; sourceTree = "<group>"; };
		168B675E16229CAE002FE4F0 /* AssetCellViewController.m */ = {isa = PBXFileReference; fileEncoding = 4; lastKnownFileType = sourcecode.c.objc; path = AssetCellViewController.m; sourceTree = "<group>"; };
		168B675F16229CAE002FE4F0 /* AssetCellViewController.xib */ = {isa = PBXFileReference; fileEncoding = 4; lastKnownFileType = file.xib; path = AssetCellViewController.xib; sourceTree = "<group>"; };
		16A24486161837FF00E7D0DD /* MediaPlayer.framework */ = {isa = PBXFileReference; lastKnownFileType = wrapper.framework; name = MediaPlayer.framework; path = System/Library/Frameworks/MediaPlayer.framework; sourceTree = SDKROOT; };
		16A244881618383100E7D0DD /* AVFoundation.framework */ = {isa = PBXFileReference; lastKnownFileType = wrapper.framework; name = AVFoundation.framework; path = System/Library/Frameworks/AVFoundation.framework; sourceTree = SDKROOT; };
		16BC396D1622C5A4000C8E99 /* AVPlayerView.h */ = {isa = PBXFileReference; fileEncoding = 4; lastKnownFileType = sourcecode.c.h; path = AVPlayerView.h; sourceTree = "<group>"; };
		16BC396E1622C5A4000C8E99 /* AVPlayerView.m */ = {isa = PBXFileReference; fileEncoding = 4; lastKnownFileType = sourcecode.c.objc; path = AVPlayerView.m; sourceTree = "<group>"; };
		16BC39701622CAFE000C8E99 /* pause.png */ = {isa = PBXFileReference; lastKnownFileType = image.png; name = pause.png; path = images/pause.png; sourceTree = "<group>"; };
		16BC39711622CAFE000C8E99 /* pause@2x.png */ = {isa = PBXFileReference; lastKnownFileType = image.png; name = "pause@2x.png"; path = "images/pause@2x.png"; sourceTree = "<group>"; };
		16BC39721622CAFE000C8E99 /* play.png */ = {isa = PBXFileReference; lastKnownFileType = image.png; name = play.png; path = images/play.png; sourceTree = "<group>"; };
		16BC39731622CAFE000C8E99 /* play@2x.png */ = {isa = PBXFileReference; lastKnownFileType = image.png; name = "play@2x.png"; path = "images/play@2x.png"; sourceTree = "<group>"; };
		16BC397C1622ED92000C8E99 /* CoreMedia.framework */ = {isa = PBXFileReference; lastKnownFileType = wrapper.framework; name = CoreMedia.framework; path = System/Library/Frameworks/CoreMedia.framework; sourceTree = SDKROOT; };
		16FA4A22161744BE0055FC5C /* MoviePlayerViewController.h */ = {isa = PBXFileReference; fileEncoding = 4; lastKnownFileType = sourcecode.c.h; path = MoviePlayerViewController.h; sourceTree = "<group>"; };
		16FA4A23161744BE0055FC5C /* MoviePlayerViewController.m */ = {isa = PBXFileReference; fileEncoding = 4; lastKnownFileType = sourcecode.c.objc; path = MoviePlayerViewController.m; sourceTree = "<group>"; };
		16FA4A24161744BE0055FC5C /* MoviePlayerViewController.xib */ = {isa = PBXFileReference; fileEncoding = 4; lastKnownFileType = file.xib; path = MoviePlayerViewController.xib; sourceTree = "<group>"; };
		16FA4A27161745070055FC5C /* AVPlayerViewController.h */ = {isa = PBXFileReference; fileEncoding = 4; lastKnownFileType = sourcecode.c.h; path = AVPlayerViewController.h; sourceTree = "<group>"; };
		16FA4A28161745070055FC5C /* AVPlayerViewController.m */ = {isa = PBXFileReference; fileEncoding = 4; lastKnownFileType = sourcecode.c.objc; path = AVPlayerViewController.m; sourceTree = "<group>"; };
		16FA4A29161745070055FC5C /* AVPlayerViewController.xib */ = {isa = PBXFileReference; fileEncoding = 4; lastKnownFileType = file.xib; path = AVPlayerViewController.xib; sourceTree = "<group>"; };
/* End PBXFileReference section */

/* Begin PBXFrameworksBuildPhase section */
		1615F81016173F2A0046FCDB /* Frameworks */ = {
			isa = PBXFrameworksBuildPhase;
			buildActionMask = 2147483647;
			files = (
				16BC397D1622ED92000C8E99 /* CoreMedia.framework in Frameworks */,
				1608A27B1618984D00783911 /* AssetsLibrary.framework in Frameworks */,
				16A244891618383100E7D0DD /* AVFoundation.framework in Frameworks */,
				16A24487161837FF00E7D0DD /* MediaPlayer.framework in Frameworks */,
				1615F81816173F2A0046FCDB /* UIKit.framework in Frameworks */,
				1615F81A16173F2A0046FCDB /* Foundation.framework in Frameworks */,
				1615F81C16173F2A0046FCDB /* CoreGraphics.framework in Frameworks */,
			);
			runOnlyForDeploymentPostprocessing = 0;
		};
/* End PBXFrameworksBuildPhase section */

/* Begin PBXGroup section */
		1615F80816173F2A0046FCDB = {
			isa = PBXGroup;
			children = (
				1615F81D16173F2A0046FCDB /* VideoPlayer */,
				1615F81616173F2A0046FCDB /* Frameworks */,
				1615F81416173F2A0046FCDB /* Products */,
			);
			sourceTree = "<group>";
		};
		1615F81416173F2A0046FCDB /* Products */ = {
			isa = PBXGroup;
			children = (
				1615F81316173F2A0046FCDB /* VideoPlayer.app */,
			);
			name = Products;
			sourceTree = "<group>";
		};
		1615F81616173F2A0046FCDB /* Frameworks */ = {
			isa = PBXGroup;
			children = (
				1608A27A1618984D00783911 /* AssetsLibrary.framework */,
				16A244881618383100E7D0DD /* AVFoundation.framework */,
				1615F81B16173F2A0046FCDB /* CoreGraphics.framework */,
				16BC397C1622ED92000C8E99 /* CoreMedia.framework */,
				1615F81916173F2A0046FCDB /* Foundation.framework */,
				16A24486161837FF00E7D0DD /* MediaPlayer.framework */,
				1615F81716173F2A0046FCDB /* UIKit.framework */,
			);
			name = Frameworks;
			sourceTree = "<group>";
		};
		1615F81D16173F2A0046FCDB /* VideoPlayer */ = {
			isa = PBXGroup;
			children = (
				1615F82616173F2A0046FCDB /* AppDelegate.h */,
				1615F82716173F2A0046FCDB /* AppDelegate.m */,
				165B83351621D00400A68777 /* Controls */,
				16834FCE1621E0240045F03F /* Views & Controllers */,
				1615F81E16173F2A0046FCDB /* Supporting Files */,
			);
			path = VideoPlayer;
			sourceTree = "<group>";
		};
		1615F81E16173F2A0046FCDB /* Supporting Files */ = {
			isa = PBXGroup;
			children = (
				16834FC21621D8F00045F03F /* images */,
				1615F81F16173F2A0046FCDB /* VideoPlayer-Info.plist */,
				1615F82016173F2A0046FCDB /* InfoPlist.strings */,
				1615F82316173F2A0046FCDB /* main.m */,
				1615F82516173F2A0046FCDB /* VideoPlayer-Prefix.pch */,
			);
			name = "Supporting Files";
			sourceTree = "<group>";
		};
		165B83351621D00400A68777 /* Controls */ = {
			isa = PBXGroup;
			children = (
				16834FC71621DBFB0045F03F /* ABGridView.h */,
				16834FC81621DBFB0045F03F /* ABGridView.m */,
				168B675D16229CAE002FE4F0 /* AssetCellViewController.h */,
				168B675E16229CAE002FE4F0 /* AssetCellViewController.m */,
				168B675F16229CAE002FE4F0 /* AssetCellViewController.xib */,
				165B832F1621CFC100A68777 /* AssetsViewController.h */,
				165B83301621CFC100A68777 /* AssetsViewController.m */,
				165B83311621CFC100A68777 /* AssetsViewController.xib */,
				16BC396D1622C5A4000C8E99 /* AVPlayerView.h */,
				16BC396E1622C5A4000C8E99 /* AVPlayerView.m */,
			);
			name = Controls;
			sourceTree = "<group>";
		};
		16834FC21621D8F00045F03F /* images */ = {
			isa = PBXGroup;
			children = (
				16BC39701622CAFE000C8E99 /* pause.png */,
				16BC39711622CAFE000C8E99 /* pause@2x.png */,
				16BC39721622CAFE000C8E99 /* play.png */,
				16BC39731622CAFE000C8E99 /* play@2x.png */,
				16834FB81621D8EB0045F03F /* Default-568h@2x.png */,
				16834FB91621D8EB0045F03F /* Default.png */,
				16834FBA1621D8EB0045F03F /* Default@2x.png */,
				16834FBB1621D8EB0045F03F /* Icon.png */,
				16834FBC1621D8EB0045F03F /* Icon@2x.png */,
			);
			name = images;
			sourceTree = "<group>";
		};
		16834FCE1621E0240045F03F /* Views & Controllers */ = {
			isa = PBXGroup;
			children = (
				1615F82F16173F2A0046FCDB /* MenuViewController.h */,
				1615F83016173F2A0046FCDB /* MenuViewController.m */,
				1615F83216173F2A0046FCDB /* MenuViewController.xib */,
				16FA4A22161744BE0055FC5C /* MoviePlayerViewController.h */,
				16FA4A23161744BE0055FC5C /* MoviePlayerViewController.m */,
				16FA4A24161744BE0055FC5C /* MoviePlayerViewController.xib */,
				16FA4A27161745070055FC5C /* AVPlayerViewController.h */,
				16FA4A28161745070055FC5C /* AVPlayerViewController.m */,
				16FA4A29161745070055FC5C /* AVPlayerViewController.xib */,
			);
			name = "Views & Controllers";
			sourceTree = "<group>";
		};
/* End PBXGroup section */

/* Begin PBXNativeTarget section */
		1615F81216173F2A0046FCDB /* VideoPlayer */ = {
			isa = PBXNativeTarget;
			buildConfigurationList = 1615F83716173F2A0046FCDB /* Build configuration list for PBXNativeTarget "VideoPlayer" */;
			buildPhases = (
				1615F80F16173F2A0046FCDB /* Sources */,
				1615F81016173F2A0046FCDB /* Frameworks */,
				1615F81116173F2A0046FCDB /* Resources */,
			);
			buildRules = (
			);
			dependencies = (
			);
			name = VideoPlayer;
			productName = VideoPlayer;
			productReference = 1615F81316173F2A0046FCDB /* VideoPlayer.app */;
			productType = "com.apple.product-type.application";
		};
/* End PBXNativeTarget section */

/* Begin PBXProject section */
		1615F80A16173F2A0046FCDB /* Project object */ = {
			isa = PBXProject;
			attributes = {
				LastUpgradeCheck = 0450;
				ORGANIZATIONNAME = Akabeko;
			};
			buildConfigurationList = 1615F80D16173F2A0046FCDB /* Build configuration list for PBXProject "VideoPlayer" */;
			compatibilityVersion = "Xcode 3.2";
			developmentRegion = English;
			hasScannedForEncodings = 0;
			knownRegions = (
				en,
			);
			mainGroup = 1615F80816173F2A0046FCDB;
			productRefGroup = 1615F81416173F2A0046FCDB /* Products */;
			projectDirPath = "";
			projectRoot = "";
			targets = (
				1615F81216173F2A0046FCDB /* VideoPlayer */,
			);
		};
/* End PBXProject section */

/* Begin PBXResourcesBuildPhase section */
		1615F81116173F2A0046FCDB /* Resources */ = {
			isa = PBXResourcesBuildPhase;
			buildActionMask = 2147483647;
			files = (
				1615F82216173F2A0046FCDB /* InfoPlist.strings in Resources */,
				1615F83416173F2A0046FCDB /* MenuViewController.xib in Resources */,
				16FA4A26161744BE0055FC5C /* MoviePlayerViewController.xib in Resources */,
				16FA4A2B161745070055FC5C /* AVPlayerViewController.xib in Resources */,
				165B83331621CFC100A68777 /* AssetsViewController.xib in Resources */,
				16834FBD1621D8EB0045F03F /* Default-568h@2x.png in Resources */,
				16834FBE1621D8EB0045F03F /* Default.png in Resources */,
				16834FBF1621D8EB0045F03F /* Default@2x.png in Resources */,
				16834FC01621D8EB0045F03F /* Icon.png in Resources */,
				16834FC11621D8EB0045F03F /* Icon@2x.png in Resources */,
				168B676116229CAE002FE4F0 /* AssetCellViewController.xib in Resources */,
				16BC39741622CAFE000C8E99 /* pause.png in Resources */,
				16BC39751622CAFE000C8E99 /* pause@2x.png in Resources */,
				16BC39761622CAFE000C8E99 /* play.png in Resources */,
				16BC39771622CAFE000C8E99 /* play@2x.png in Resources */,
			);
			runOnlyForDeploymentPostprocessing = 0;
		};
/* End PBXResourcesBuildPhase section */

/* Begin PBXSourcesBuildPhase section */
		1615F80F16173F2A0046FCDB /* Sources */ = {
			isa = PBXSourcesBuildPhase;
			buildActionMask = 2147483647;
			files = (
				1615F82416173F2A0046FCDB /* main.m in Sources */,
				1615F82816173F2A0046FCDB /* AppDelegate.m in Sources */,
				1615F83116173F2A0046FCDB /* MenuViewController.m in Sources */,
				16FA4A25161744BE0055FC5C /* MoviePlayerViewController.m in Sources */,
				16FA4A2A161745070055FC5C /* AVPlayerViewController.m in Sources */,
				165B83321621CFC100A68777 /* AssetsViewController.m in Sources */,
				16834FC91621DBFB0045F03F /* ABGridView.m in Sources */,
				168B676016229CAE002FE4F0 /* AssetCellViewController.m in Sources */,
				16BC396F1622C5A5000C8E99 /* AVPlayerView.m in Sources */,
			);
			runOnlyForDeploymentPostprocessing = 0;
		};
/* End PBXSourcesBuildPhase section */

/* Begin PBXVariantGroup section */
		1615F82016173F2A0046FCDB /* InfoPlist.strings */ = {
			isa = PBXVariantGroup;
			children = (
				1615F82116173F2A0046FCDB /* en */,
			);
			name = InfoPlist.strings;
			sourceTree = "<group>";
		};
		1615F83216173F2A0046FCDB /* MenuViewController.xib */ = {
			isa = PBXVariantGroup;
			children = (
				1615F83316173F2A0046FCDB /* en */,
			);
			name = MenuViewController.xib;
			sourceTree = "<group>";
		};
/* End PBXVariantGroup section */

/* Begin XCBuildConfiguration section */
		1615F83516173F2A0046FCDB /* Debug */ = {
			isa = XCBuildConfiguration;
			buildSettings = {
				ALWAYS_SEARCH_USER_PATHS = NO;
				CLANG_CXX_LANGUAGE_STANDARD = "gnu++0x";
				CLANG_CXX_LIBRARY = "libc++";
				CLANG_WARN_EMPTY_BODY = YES;
				CLANG_WARN__DUPLICATE_METHOD_MATCH = YES;
				"CODE_SIGN_IDENTITY[sdk=iphoneos*]" = "iPhone Developer";
				COPY_PHASE_STRIP = NO;
				GCC_C_LANGUAGE_STANDARD = gnu99;
				GCC_DYNAMIC_NO_PIC = NO;
				GCC_OPTIMIZATION_LEVEL = 0;
				GCC_PREPROCESSOR_DEFINITIONS = (
					"DEBUG=1",
					"$(inherited)",
				);
				GCC_SYMBOLS_PRIVATE_EXTERN = NO;
				GCC_WARN_ABOUT_RETURN_TYPE = YES;
				GCC_WARN_UNINITIALIZED_AUTOS = YES;
				GCC_WARN_UNUSED_VARIABLE = YES;
				IPHONEOS_DEPLOYMENT_TARGET = 5.0;
				SDKROOT = iphoneos;
			};
			name = Debug;
		};
		1615F83616173F2A0046FCDB /* Release */ = {
			isa = XCBuildConfiguration;
			buildSettings = {
				ALWAYS_SEARCH_USER_PATHS = NO;
				CLANG_CXX_LANGUAGE_STANDARD = "gnu++0x";
				CLANG_CXX_LIBRARY = "libc++";
				CLANG_WARN_EMPTY_BODY = YES;
				CLANG_WARN__DUPLICATE_METHOD_MATCH = YES;
				"CODE_SIGN_IDENTITY[sdk=iphoneos*]" = "iPhone Developer";
				COPY_PHASE_STRIP = YES;
				GCC_C_LANGUAGE_STANDARD = gnu99;
				GCC_WARN_ABOUT_RETURN_TYPE = YES;
				GCC_WARN_UNINITIALIZED_AUTOS = YES;
				GCC_WARN_UNUSED_VARIABLE = YES;
				IPHONEOS_DEPLOYMENT_TARGET = 5.0;
				OTHER_CFLAGS = "-DNS_BLOCK_ASSERTIONS=1";
				SDKROOT = iphoneos;
				VALIDATE_PRODUCT = YES;
			};
			name = Release;
		};
		1615F83816173F2A0046FCDB /* Debug */ = {
			isa = XCBuildConfiguration;
			buildSettings = {
				GCC_PRECOMPILE_PREFIX_HEADER = YES;
				GCC_PREFIX_HEADER = "VideoPlayer/VideoPlayer-Prefix.pch";
				INFOPLIST_FILE = "VideoPlayer/VideoPlayer-Info.plist";
				IPHONEOS_DEPLOYMENT_TARGET = 5.0;
				PRODUCT_NAME = "$(TARGET_NAME)";
				WRAPPER_EXTENSION = app;
			};
			name = Debug;
		};
		1615F83916173F2A0046FCDB /* Release */ = {
			isa = XCBuildConfiguration;
			buildSettings = {
				GCC_PRECOMPILE_PREFIX_HEADER = YES;
				GCC_PREFIX_HEADER = "VideoPlayer/VideoPlayer-Prefix.pch";
				INFOPLIST_FILE = "VideoPlayer/VideoPlayer-Info.plist";
				IPHONEOS_DEPLOYMENT_TARGET = 5.0;
				PRODUCT_NAME = "$(TARGET_NAME)";
				WRAPPER_EXTENSION = app;
			};
			name = Release;
		};
/* End XCBuildConfiguration section */

/* Begin XCConfigurationList section */
		1615F80D16173F2A0046FCDB /* Build configuration list for PBXProject "VideoPlayer" */ = {
			isa = XCConfigurationList;
			buildConfigurations = (
				1615F83516173F2A0046FCDB /* Debug */,
				1615F83616173F2A0046FCDB /* Release */,
			);
			defaultConfigurationIsVisible = 0;
			defaultConfigurationName = Release;
		};
		1615F83716173F2A0046FCDB /* Build configuration list for PBXNativeTarget "VideoPlayer" */ = {
			isa = XCConfigurationList;
			buildConfigurations = (
				1615F83816173F2A0046FCDB /* Debug */,
				1615F83916173F2A0046FCDB /* Release */,
			);
			defaultConfigurationIsVisible = 0;
			defaultConfigurationName = Release;
		};
/* End XCConfigurationList section */
	};
	rootObject = 1615F80A16173F2A0046FCDB /* Project object */;
}
