// !$*UTF8*$!
{
	archiveVersion = 1;
	classes = {
	};
	objectVersion = 46;
	objects = {

/* Begin PBXBuildFile section */
		16170BFC164E82A6000122A2 /* UIKit.framework in Frameworks */ = {isa = PBXBuildFile; fileRef = 16170BFB164E82A6000122A2 /* UIKit.framework */; };
		16170BFE164E82A6000122A2 /* Foundation.framework in Frameworks */ = {isa = PBXBuildFile; fileRef = 16170BFD164E82A6000122A2 /* Foundation.framework */; };
		16170C00164E82A6000122A2 /* CoreGraphics.framework in Frameworks */ = {isa = PBXBuildFile; fileRef = 16170BFF164E82A6000122A2 /* CoreGraphics.framework */; };
		16170C06164E82A6000122A2 /* InfoPlist.strings in Resources */ = {isa = PBXBuildFile; fileRef = 16170C04164E82A6000122A2 /* InfoPlist.strings */; };
		16170C08164E82A6000122A2 /* main.m in Sources */ = {isa = PBXBuildFile; fileRef = 16170C07164E82A6000122A2 /* main.m */; };
		16170C0C164E82A6000122A2 /* AppDelegate.m in Sources */ = {isa = PBXBuildFile; fileRef = 16170C0B164E82A6000122A2 /* AppDelegate.m */; };
		16170C0E164E82A6000122A2 /* Default.png in Resources */ = {isa = PBXBuildFile; fileRef = 16170C0D164E82A6000122A2 /* Default.png */; };
		16170C10164E82A6000122A2 /* Default@2x.png in Resources */ = {isa = PBXBuildFile; fileRef = 16170C0F164E82A6000122A2 /* Default@2x.png */; };
		16170C12164E82A6000122A2 /* Default-568h@2x.png in Resources */ = {isa = PBXBuildFile; fileRef = 16170C11164E82A6000122A2 /* Default-568h@2x.png */; };
		16170C15164E82A6000122A2 /* ViewController.m in Sources */ = {isa = PBXBuildFile; fileRef = 16170C14164E82A6000122A2 /* ViewController.m */; };
		16170C18164E82A6000122A2 /* ViewController.xib in Resources */ = {isa = PBXBuildFile; fileRef = 16170C16164E82A6000122A2 /* ViewController.xib */; };
/* End PBXBuildFile section */

/* Begin PBXFileReference section */
		16170BF7164E82A6000122A2 /* InAppPurchase.app */ = {isa = PBXFileReference; explicitFileType = wrapper.application; includeInIndex = 0; path = InAppPurchase.app; sourceTree = BUILT_PRODUCTS_DIR; };
		16170BFB164E82A6000122A2 /* UIKit.framework */ = {isa = PBXFileReference; lastKnownFileType = wrapper.framework; name = UIKit.framework; path = System/Library/Frameworks/UIKit.framework; sourceTree = SDKROOT; };
		16170BFD164E82A6000122A2 /* Foundation.framework */ = {isa = PBXFileReference; lastKnownFileType = wrapper.framework; name = Foundation.framework; path = System/Library/Frameworks/Foundation.framework; sourceTree = SDKROOT; };
		16170BFF164E82A6000122A2 /* CoreGraphics.framework */ = {isa = PBXFileReference; lastKnownFileType = wrapper.framework; name = CoreGraphics.framework; path = System/Library/Frameworks/CoreGraphics.framework; sourceTree = SDKROOT; };
		16170C03164E82A6000122A2 /* InAppPurchase-Info.plist */ = {isa = PBXFileReference; lastKnownFileType = text.plist.xml; path = "InAppPurchase-Info.plist"; sourceTree = "<group>"; };
		16170C05164E82A6000122A2 /* en */ = {isa = PBXFileReference; lastKnownFileType = text.plist.strings; name = en; path = en.lproj/InfoPlist.strings; sourceTree = "<group>"; };
		16170C07164E82A6000122A2 /* main.m */ = {isa = PBXFileReference; lastKnownFileType = sourcecode.c.objc; path = main.m; sourceTree = "<group>"; };
		16170C09164E82A6000122A2 /* InAppPurchase-Prefix.pch */ = {isa = PBXFileReference; lastKnownFileType = sourcecode.c.h; path = "InAppPurchase-Prefix.pch"; sourceTree = "<group>"; };
		16170C0A164E82A6000122A2 /* AppDelegate.h */ = {isa = PBXFileReference; lastKnownFileType = sourcecode.c.h; path = AppDelegate.h; sourceTree = "<group>"; };
		16170C0B164E82A6000122A2 /* AppDelegate.m */ = {isa = PBXFileReference; lastKnownFileType = sourcecode.c.objc; path = AppDelegate.m; sourceTree = "<group>"; };
		16170C0D164E82A6000122A2 /* Default.png */ = {isa = PBXFileReference; lastKnownFileType = image.png; path = Default.png; sourceTree = "<group>"; };
		16170C0F164E82A6000122A2 /* Default@2x.png */ = {isa = PBXFileReference; lastKnownFileType = image.png; path = "Default@2x.png"; sourceTree = "<group>"; };
		16170C11164E82A6000122A2 /* Default-568h@2x.png */ = {isa = PBXFileReference; lastKnownFileType = image.png; path = "Default-568h@2x.png"; sourceTree = "<group>"; };
		16170C13164E82A6000122A2 /* ViewController.h */ = {isa = PBXFileReference; lastKnownFileType = sourcecode.c.h; path = ViewController.h; sourceTree = "<group>"; };
		16170C14164E82A6000122A2 /* ViewController.m */ = {isa = PBXFileReference; lastKnownFileType = sourcecode.c.objc; path = ViewController.m; sourceTree = "<group>"; };
		16170C17164E82A6000122A2 /* en */ = {isa = PBXFileReference; lastKnownFileType = file.xib; name = en; path = en.lproj/ViewController.xib; sourceTree = "<group>"; };
/* End PBXFileReference section */

/* Begin PBXFrameworksBuildPhase section */
		16170BF4164E82A6000122A2 /* Frameworks */ = {
			isa = PBXFrameworksBuildPhase;
			buildActionMask = 2147483647;
			files = (
				16170BFC164E82A6000122A2 /* UIKit.framework in Frameworks */,
				16170BFE164E82A6000122A2 /* Foundation.framework in Frameworks */,
				16170C00164E82A6000122A2 /* CoreGraphics.framework in Frameworks */,
			);
			runOnlyForDeploymentPostprocessing = 0;
		};
/* End PBXFrameworksBuildPhase section */

/* Begin PBXGroup section */
		16170BEC164E82A5000122A2 = {
			isa = PBXGroup;
			children = (
				16170C01164E82A6000122A2 /* InAppPurchase */,
				16170BFA164E82A6000122A2 /* Frameworks */,
				16170BF8164E82A6000122A2 /* Products */,
			);
			sourceTree = "<group>";
		};
		16170BF8164E82A6000122A2 /* Products */ = {
			isa = PBXGroup;
			children = (
				16170BF7164E82A6000122A2 /* InAppPurchase.app */,
			);
			name = Products;
			sourceTree = "<group>";
		};
		16170BFA164E82A6000122A2 /* Frameworks */ = {
			isa = PBXGroup;
			children = (
				16170BFB164E82A6000122A2 /* UIKit.framework */,
				16170BFD164E82A6000122A2 /* Foundation.framework */,
				16170BFF164E82A6000122A2 /* CoreGraphics.framework */,
			);
			name = Frameworks;
			sourceTree = "<group>";
		};
		16170C01164E82A6000122A2 /* InAppPurchase */ = {
			isa = PBXGroup;
			children = (
				16170C0A164E82A6000122A2 /* AppDelegate.h */,
				16170C0B164E82A6000122A2 /* AppDelegate.m */,
				16170C13164E82A6000122A2 /* ViewController.h */,
				16170C14164E82A6000122A2 /* ViewController.m */,
				16170C16164E82A6000122A2 /* ViewController.xib */,
				16170C02164E82A6000122A2 /* Supporting Files */,
			);
			path = InAppPurchase;
			sourceTree = "<group>";
		};
		16170C02164E82A6000122A2 /* Supporting Files */ = {
			isa = PBXGroup;
			children = (
				16170C03164E82A6000122A2 /* InAppPurchase-Info.plist */,
				16170C04164E82A6000122A2 /* InfoPlist.strings */,
				16170C07164E82A6000122A2 /* main.m */,
				16170C09164E82A6000122A2 /* InAppPurchase-Prefix.pch */,
				16170C0D164E82A6000122A2 /* Default.png */,
				16170C0F164E82A6000122A2 /* Default@2x.png */,
				16170C11164E82A6000122A2 /* Default-568h@2x.png */,
			);
			name = "Supporting Files";
			sourceTree = "<group>";
		};
/* End PBXGroup section */

/* Begin PBXNativeTarget section */
		16170BF6164E82A6000122A2 /* InAppPurchase */ = {
			isa = PBXNativeTarget;
			buildConfigurationList = 16170C1B164E82A6000122A2 /* Build configuration list for PBXNativeTarget "InAppPurchase" */;
			buildPhases = (
				16170BF3164E82A6000122A2 /* Sources */,
				16170BF4164E82A6000122A2 /* Frameworks */,
				16170BF5164E82A6000122A2 /* Resources */,
			);
			buildRules = (
			);
			dependencies = (
			);
			name = InAppPurchase;
			productName = InAppPurchase;
			productReference = 16170BF7164E82A6000122A2 /* InAppPurchase.app */;
			productType = "com.apple.product-type.application";
		};
/* End PBXNativeTarget section */

/* Begin PBXProject section */
		16170BEE164E82A5000122A2 /* Project object */ = {
			isa = PBXProject;
			attributes = {
				LastUpgradeCheck = 0450;
				ORGANIZATIONNAME = Akabeko;
			};
			buildConfigurationList = 16170BF1164E82A6000122A2 /* Build configuration list for PBXProject "InAppPurchase" */;
			compatibilityVersion = "Xcode 3.2";
			developmentRegion = English;
			hasScannedForEncodings = 0;
			knownRegions = (
				en,
			);
			mainGroup = 16170BEC164E82A5000122A2;
			productRefGroup = 16170BF8164E82A6000122A2 /* Products */;
			projectDirPath = "";
			projectRoot = "";
			targets = (
				16170BF6164E82A6000122A2 /* InAppPurchase */,
			);
		};
/* End PBXProject section */

/* Begin PBXResourcesBuildPhase section */
		16170BF5164E82A6000122A2 /* Resources */ = {
			isa = PBXResourcesBuildPhase;
			buildActionMask = 2147483647;
			files = (
				16170C06164E82A6000122A2 /* InfoPlist.strings in Resources */,
				16170C0E164E82A6000122A2 /* Default.png in Resources */,
				16170C10164E82A6000122A2 /* Default@2x.png in Resources */,
				16170C12164E82A6000122A2 /* Default-568h@2x.png in Resources */,
				16170C18164E82A6000122A2 /* ViewController.xib in Resources */,
			);
			runOnlyForDeploymentPostprocessing = 0;
		};
/* End PBXResourcesBuildPhase section */

/* Begin PBXSourcesBuildPhase section */
		16170BF3164E82A6000122A2 /* Sources */ = {
			isa = PBXSourcesBuildPhase;
			buildActionMask = 2147483647;
			files = (
				16170C08164E82A6000122A2 /* main.m in Sources */,
				16170C0C164E82A6000122A2 /* AppDelegate.m in Sources */,
				16170C15164E82A6000122A2 /* ViewController.m in Sources */,
			);
			runOnlyForDeploymentPostprocessing = 0;
		};
/* End PBXSourcesBuildPhase section */

/* Begin PBXVariantGroup section */
		16170C04164E82A6000122A2 /* InfoPlist.strings */ = {
			isa = PBXVariantGroup;
			children = (
				16170C05164E82A6000122A2 /* en */,
			);
			name = InfoPlist.strings;
			sourceTree = "<group>";
		};
		16170C16164E82A6000122A2 /* ViewController.xib */ = {
			isa = PBXVariantGroup;
			children = (
				16170C17164E82A6000122A2 /* en */,
			);
			name = ViewController.xib;
			sourceTree = "<group>";
		};
/* End PBXVariantGroup section */

/* Begin XCBuildConfiguration section */
		16170C19164E82A6000122A2 /* Debug */ = {
			isa = XCBuildConfiguration;
			buildSettings = {
				ALWAYS_SEARCH_USER_PATHS = NO;
				CLANG_CXX_LANGUAGE_STANDARD = "gnu++0x";
				CLANG_CXX_LIBRARY = "libc++";
				CLANG_WARN_EMPTY_BODY = YES;
				CLANG_WARN__DUPLICATE_METHOD_MATCH = YES;
				"CODE_SIGN_IDENTITY[sdk=iphoneos*]" = "iPhone Developer";
				COPY_PHASE_STRIP = NO;
				GCC_C_LANGUAGE_STANDARD = gnu99;
				GCC_DYNAMIC_NO_PIC = NO;
				GCC_OPTIMIZATION_LEVEL = 0;
				GCC_PREPROCESSOR_DEFINITIONS = (
					"DEBUG=1",
					"$(inherited)",
				);
				GCC_SYMBOLS_PRIVATE_EXTERN = NO;
				GCC_WARN_ABOUT_RETURN_TYPE = YES;
				GCC_WARN_UNINITIALIZED_AUTOS = YES;
				GCC_WARN_UNUSED_VARIABLE = YES;
				IPHONEOS_DEPLOYMENT_TARGET = 6.0;
				ONLY_ACTIVE_ARCH = YES;
				SDKROOT = iphoneos;
			};
			name = Debug;
		};
		16170C1A164E82A6000122A2 /* Release */ = {
			isa = XCBuildConfiguration;
			buildSettings = {
				ALWAYS_SEARCH_USER_PATHS = NO;
				CLANG_CXX_LANGUAGE_STANDARD = "gnu++0x";
				CLANG_CXX_LIBRARY = "libc++";
				CLANG_WARN_EMPTY_BODY = YES;
				CLANG_WARN__DUPLICATE_METHOD_MATCH = YES;
				"CODE_SIGN_IDENTITY[sdk=iphoneos*]" = "iPhone Developer";
				COPY_PHASE_STRIP = YES;
				GCC_C_LANGUAGE_STANDARD = gnu99;
				GCC_WARN_ABOUT_RETURN_TYPE = YES;
				GCC_WARN_UNINITIALIZED_AUTOS = YES;
				GCC_WARN_UNUSED_VARIABLE = YES;
				IPHONEOS_DEPLOYMENT_TARGET = 6.0;
				OTHER_CFLAGS = "-DNS_BLOCK_ASSERTIONS=1";
				SDKROOT = iphoneos;
				VALIDATE_PRODUCT = YES;
			};
			name = Release;
		};
		16170C1C164E82A6000122A2 /* Debug */ = {
			isa = XCBuildConfiguration;
			buildSettings = {
				GCC_PRECOMPILE_PREFIX_HEADER = YES;
				GCC_PREFIX_HEADER = "InAppPurchase/InAppPurchase-Prefix.pch";
				INFOPLIST_FILE = "InAppPurchase/InAppPurchase-Info.plist";
				PRODUCT_NAME = "$(TARGET_NAME)";
				WRAPPER_EXTENSION = app;
			};
			name = Debug;
		};
		16170C1D164E82A6000122A2 /* Release */ = {
			isa = XCBuildConfiguration;
			buildSettings = {
				GCC_PRECOMPILE_PREFIX_HEADER = YES;
				GCC_PREFIX_HEADER = "InAppPurchase/InAppPurchase-Prefix.pch";
				INFOPLIST_FILE = "InAppPurchase/InAppPurchase-Info.plist";
				PRODUCT_NAME = "$(TARGET_NAME)";
				WRAPPER_EXTENSION = app;
			};
			name = Release;
		};
/* End XCBuildConfiguration section */

/* Begin XCConfigurationList section */
		16170BF1164E82A6000122A2 /* Build configuration list for PBXProject "InAppPurchase" */ = {
			isa = XCConfigurationList;
			buildConfigurations = (
				16170C19164E82A6000122A2 /* Debug */,
				16170C1A164E82A6000122A2 /* Release */,
			);
			defaultConfigurationIsVisible = 0;
			defaultConfigurationName = Release;
		};
		16170C1B164E82A6000122A2 /* Build configuration list for PBXNativeTarget "InAppPurchase" */ = {
			isa = XCConfigurationList;
			buildConfigurations = (
				16170C1C164E82A6000122A2 /* Debug */,
				16170C1D164E82A6000122A2 /* Release */,
			);
			defaultConfigurationIsVisible = 0;
		};
/* End XCConfigurationList section */
	};
	rootObject = 16170BEE164E82A5000122A2 /* Project object */;
}
