// !$*UTF8*$!
{
	archiveVersion = 1;
	classes = {
	};
	objectVersion = 46;
	objects = {

/* Begin PBXBuildFile section */
		1683F42215FC17CC00042387 /* UIKit.framework in Frameworks */ = {isa = PBXBuildFile; fileRef = 1683F42115FC17CC00042387 /* UIKit.framework */; };
		1683F42415FC17CC00042387 /* Foundation.framework in Frameworks */ = {isa = PBXBuildFile; fileRef = 1683F42315FC17CC00042387 /* Foundation.framework */; };
		1683F42615FC17CC00042387 /* CoreGraphics.framework in Frameworks */ = {isa = PBXBuildFile; fileRef = 1683F42515FC17CC00042387 /* CoreGraphics.framework */; };
		1683F42C15FC17CC00042387 /* InfoPlist.strings in Resources */ = {isa = PBXBuildFile; fileRef = 1683F42A15FC17CC00042387 /* InfoPlist.strings */; };
		1683F42E15FC17CC00042387 /* main.m in Sources */ = {isa = PBXBuildFile; fileRef = 1683F42D15FC17CC00042387 /* main.m */; };
		1683F43215FC17CC00042387 /* AppDelegate.m in Sources */ = {isa = PBXBuildFile; fileRef = 1683F43115FC17CC00042387 /* AppDelegate.m */; };
		1683F44115FCA08D00042387 /* ImageIO.framework in Frameworks */ = {isa = PBXBuildFile; fileRef = 1683F44015FCA08D00042387 /* ImageIO.framework */; };
		16D5CD6A15FCA3D600BF672B /* MenuViewController.m in Sources */ = {isa = PBXBuildFile; fileRef = 16D5CD6815FCA3D600BF672B /* MenuViewController.m */; };
		16D5CD6B15FCA3D600BF672B /* MenuViewController.xib in Resources */ = {isa = PBXBuildFile; fileRef = 16D5CD6915FCA3D600BF672B /* MenuViewController.xib */; };
		16D5CD6F15FCA87400BF672B /* AssetGroupViewController.m in Sources */ = {isa = PBXBuildFile; fileRef = 16D5CD6D15FCA87400BF672B /* AssetGroupViewController.m */; };
		16D5CD7015FCA87400BF672B /* AssetGroupViewController.xib in Resources */ = {isa = PBXBuildFile; fileRef = 16D5CD6E15FCA87400BF672B /* AssetGroupViewController.xib */; };
		16D5CD7415FCA91300BF672B /* GridView.m in Sources */ = {isa = PBXBuildFile; fileRef = 16D5CD7315FCA91300BF672B /* GridView.m */; };
		16D5CD7615FCAA4B00BF672B /* AssetsLibrary.framework in Frameworks */ = {isa = PBXBuildFile; fileRef = 16D5CD7515FCAA4B00BF672B /* AssetsLibrary.framework */; };
/* End PBXBuildFile section */

/* Begin PBXFileReference section */
		1683F41D15FC17CC00042387 /* GridView.app */ = {isa = PBXFileReference; explicitFileType = wrapper.application; includeInIndex = 0; path = GridView.app; sourceTree = BUILT_PRODUCTS_DIR; };
		1683F42115FC17CC00042387 /* UIKit.framework */ = {isa = PBXFileReference; lastKnownFileType = wrapper.framework; name = UIKit.framework; path = System/Library/Frameworks/UIKit.framework; sourceTree = SDKROOT; };
		1683F42315FC17CC00042387 /* Foundation.framework */ = {isa = PBXFileReference; lastKnownFileType = wrapper.framework; name = Foundation.framework; path = System/Library/Frameworks/Foundation.framework; sourceTree = SDKROOT; };
		1683F42515FC17CC00042387 /* CoreGraphics.framework */ = {isa = PBXFileReference; lastKnownFileType = wrapper.framework; name = CoreGraphics.framework; path = System/Library/Frameworks/CoreGraphics.framework; sourceTree = SDKROOT; };
		1683F42915FC17CC00042387 /* GridView-Info.plist */ = {isa = PBXFileReference; lastKnownFileType = text.plist.xml; path = "GridView-Info.plist"; sourceTree = "<group>"; };
		1683F42B15FC17CC00042387 /* en */ = {isa = PBXFileReference; lastKnownFileType = text.plist.strings; name = en; path = en.lproj/InfoPlist.strings; sourceTree = "<group>"; };
		1683F42D15FC17CC00042387 /* main.m */ = {isa = PBXFileReference; lastKnownFileType = sourcecode.c.objc; path = main.m; sourceTree = "<group>"; };
		1683F42F15FC17CC00042387 /* GridView-Prefix.pch */ = {isa = PBXFileReference; lastKnownFileType = sourcecode.c.h; path = "GridView-Prefix.pch"; sourceTree = "<group>"; };
		1683F43015FC17CC00042387 /* AppDelegate.h */ = {isa = PBXFileReference; lastKnownFileType = sourcecode.c.h; path = AppDelegate.h; sourceTree = "<group>"; };
		1683F43115FC17CC00042387 /* AppDelegate.m */ = {isa = PBXFileReference; lastKnownFileType = sourcecode.c.objc; path = AppDelegate.m; sourceTree = "<group>"; };
		1683F44015FCA08D00042387 /* ImageIO.framework */ = {isa = PBXFileReference; lastKnownFileType = wrapper.framework; name = ImageIO.framework; path = System/Library/Frameworks/ImageIO.framework; sourceTree = SDKROOT; };
		16D5CD6715FCA3D600BF672B /* MenuViewController.h */ = {isa = PBXFileReference; fileEncoding = 4; lastKnownFileType = sourcecode.c.h; path = MenuViewController.h; sourceTree = "<group>"; };
		16D5CD6815FCA3D600BF672B /* MenuViewController.m */ = {isa = PBXFileReference; fileEncoding = 4; lastKnownFileType = sourcecode.c.objc; path = MenuViewController.m; sourceTree = "<group>"; };
		16D5CD6915FCA3D600BF672B /* MenuViewController.xib */ = {isa = PBXFileReference; fileEncoding = 4; lastKnownFileType = file.xib; path = MenuViewController.xib; sourceTree = "<group>"; };
		16D5CD6C15FCA87400BF672B /* AssetGroupViewController.h */ = {isa = PBXFileReference; fileEncoding = 4; lastKnownFileType = sourcecode.c.h; path = AssetGroupViewController.h; sourceTree = "<group>"; };
		16D5CD6D15FCA87400BF672B /* AssetGroupViewController.m */ = {isa = PBXFileReference; fileEncoding = 4; lastKnownFileType = sourcecode.c.objc; path = AssetGroupViewController.m; sourceTree = "<group>"; };
		16D5CD6E15FCA87400BF672B /* AssetGroupViewController.xib */ = {isa = PBXFileReference; fileEncoding = 4; lastKnownFileType = file.xib; path = AssetGroupViewController.xib; sourceTree = "<group>"; };
		16D5CD7215FCA91300BF672B /* GridView.h */ = {isa = PBXFileReference; fileEncoding = 4; lastKnownFileType = sourcecode.c.h; path = GridView.h; sourceTree = "<group>"; };
		16D5CD7315FCA91300BF672B /* GridView.m */ = {isa = PBXFileReference; fileEncoding = 4; lastKnownFileType = sourcecode.c.objc; path = GridView.m; sourceTree = "<group>"; };
		16D5CD7515FCAA4B00BF672B /* AssetsLibrary.framework */ = {isa = PBXFileReference; lastKnownFileType = wrapper.framework; name = AssetsLibrary.framework; path = System/Library/Frameworks/AssetsLibrary.framework; sourceTree = SDKROOT; };
/* End PBXFileReference section */

/* Begin PBXFrameworksBuildPhase section */
		1683F41A15FC17CC00042387 /* Frameworks */ = {
			isa = PBXFrameworksBuildPhase;
			buildActionMask = 2147483647;
			files = (
				16D5CD7615FCAA4B00BF672B /* AssetsLibrary.framework in Frameworks */,
				1683F44115FCA08D00042387 /* ImageIO.framework in Frameworks */,
				1683F42215FC17CC00042387 /* UIKit.framework in Frameworks */,
				1683F42415FC17CC00042387 /* Foundation.framework in Frameworks */,
				1683F42615FC17CC00042387 /* CoreGraphics.framework in Frameworks */,
			);
			runOnlyForDeploymentPostprocessing = 0;
		};
/* End PBXFrameworksBuildPhase section */

/* Begin PBXGroup section */
		1683F41215FC17CC00042387 = {
			isa = PBXGroup;
			children = (
				1683F42715FC17CC00042387 /* GridView */,
				1683F42015FC17CC00042387 /* Frameworks */,
				1683F41E15FC17CC00042387 /* Products */,
			);
			sourceTree = "<group>";
		};
		1683F41E15FC17CC00042387 /* Products */ = {
			isa = PBXGroup;
			children = (
				1683F41D15FC17CC00042387 /* GridView.app */,
			);
			name = Products;
			sourceTree = "<group>";
		};
		1683F42015FC17CC00042387 /* Frameworks */ = {
			isa = PBXGroup;
			children = (
				16D5CD7515FCAA4B00BF672B /* AssetsLibrary.framework */,
				1683F42515FC17CC00042387 /* CoreGraphics.framework */,
				1683F42315FC17CC00042387 /* Foundation.framework */,
				1683F44015FCA08D00042387 /* ImageIO.framework */,
				1683F42115FC17CC00042387 /* UIKit.framework */,
			);
			name = Frameworks;
			sourceTree = "<group>";
		};
		1683F42715FC17CC00042387 /* GridView */ = {
			isa = PBXGroup;
			children = (
				1683F43015FC17CC00042387 /* AppDelegate.h */,
				1683F43115FC17CC00042387 /* AppDelegate.m */,
				16D5CD7115FCA88800BF672B /* Controls */,
				1683F43F15FC182F00042387 /* Views & Controllers */,
				1683F42815FC17CC00042387 /* Supporting Files */,
			);
			path = GridView;
			sourceTree = "<group>";
		};
		1683F42815FC17CC00042387 /* Supporting Files */ = {
			isa = PBXGroup;
			children = (
				1683F42915FC17CC00042387 /* GridView-Info.plist */,
				1683F42A15FC17CC00042387 /* InfoPlist.strings */,
				1683F42D15FC17CC00042387 /* main.m */,
				1683F42F15FC17CC00042387 /* GridView-Prefix.pch */,
			);
			name = "Supporting Files";
			sourceTree = "<group>";
		};
		1683F43F15FC182F00042387 /* Views & Controllers */ = {
			isa = PBXGroup;
			children = (
				16D5CD6715FCA3D600BF672B /* MenuViewController.h */,
				16D5CD6815FCA3D600BF672B /* MenuViewController.m */,
				16D5CD6915FCA3D600BF672B /* MenuViewController.xib */,
				16D5CD6C15FCA87400BF672B /* AssetGroupViewController.h */,
				16D5CD6D15FCA87400BF672B /* AssetGroupViewController.m */,
				16D5CD6E15FCA87400BF672B /* AssetGroupViewController.xib */,
			);
			name = "Views & Controllers";
			sourceTree = "<group>";
		};
		16D5CD7115FCA88800BF672B /* Controls */ = {
			isa = PBXGroup;
			children = (
				16D5CD7215FCA91300BF672B /* GridView.h */,
				16D5CD7315FCA91300BF672B /* GridView.m */,
			);
			name = Controls;
			sourceTree = "<group>";
		};
/* End PBXGroup section */

/* Begin PBXNativeTarget section */
		1683F41C15FC17CC00042387 /* GridView */ = {
			isa = PBXNativeTarget;
			buildConfigurationList = 1683F43B15FC17CC00042387 /* Build configuration list for PBXNativeTarget "GridView" */;
			buildPhases = (
				1683F41915FC17CC00042387 /* Sources */,
				1683F41A15FC17CC00042387 /* Frameworks */,
				1683F41B15FC17CC00042387 /* Resources */,
			);
			buildRules = (
			);
			dependencies = (
			);
			name = GridView;
			productName = GridView;
			productReference = 1683F41D15FC17CC00042387 /* GridView.app */;
			productType = "com.apple.product-type.application";
		};
/* End PBXNativeTarget section */

/* Begin PBXProject section */
		1683F41415FC17CC00042387 /* Project object */ = {
			isa = PBXProject;
			attributes = {
				LastUpgradeCheck = 0440;
				ORGANIZATIONNAME = Akabeko;
			};
			buildConfigurationList = 1683F41715FC17CC00042387 /* Build configuration list for PBXProject "GridView" */;
			compatibilityVersion = "Xcode 3.2";
			developmentRegion = English;
			hasScannedForEncodings = 0;
			knownRegions = (
				en,
			);
			mainGroup = 1683F41215FC17CC00042387;
			productRefGroup = 1683F41E15FC17CC00042387 /* Products */;
			projectDirPath = "";
			projectRoot = "";
			targets = (
				1683F41C15FC17CC00042387 /* GridView */,
			);
		};
/* End PBXProject section */

/* Begin PBXResourcesBuildPhase section */
		1683F41B15FC17CC00042387 /* Resources */ = {
			isa = PBXResourcesBuildPhase;
			buildActionMask = 2147483647;
			files = (
				1683F42C15FC17CC00042387 /* InfoPlist.strings in Resources */,
				16D5CD6B15FCA3D600BF672B /* MenuViewController.xib in Resources */,
				16D5CD7015FCA87400BF672B /* AssetGroupViewController.xib in Resources */,
			);
			runOnlyForDeploymentPostprocessing = 0;
		};
/* End PBXResourcesBuildPhase section */

/* Begin PBXSourcesBuildPhase section */
		1683F41915FC17CC00042387 /* Sources */ = {
			isa = PBXSourcesBuildPhase;
			buildActionMask = 2147483647;
			files = (
				1683F42E15FC17CC00042387 /* main.m in Sources */,
				1683F43215FC17CC00042387 /* AppDelegate.m in Sources */,
				16D5CD6A15FCA3D600BF672B /* MenuViewController.m in Sources */,
				16D5CD6F15FCA87400BF672B /* AssetGroupViewController.m in Sources */,
				16D5CD7415FCA91300BF672B /* GridView.m in Sources */,
			);
			runOnlyForDeploymentPostprocessing = 0;
		};
/* End PBXSourcesBuildPhase section */

/* Begin PBXVariantGroup section */
		1683F42A15FC17CC00042387 /* InfoPlist.strings */ = {
			isa = PBXVariantGroup;
			children = (
				1683F42B15FC17CC00042387 /* en */,
			);
			name = InfoPlist.strings;
			sourceTree = "<group>";
		};
/* End PBXVariantGroup section */

/* Begin XCBuildConfiguration section */
		1683F43915FC17CC00042387 /* Debug */ = {
			isa = XCBuildConfiguration;
			buildSettings = {
				ALWAYS_SEARCH_USER_PATHS = NO;
				ARCHS = "$(ARCHS_STANDARD_32_BIT)";
				CLANG_CXX_LANGUAGE_STANDARD = "gnu++0x";
				CLANG_WARN__DUPLICATE_METHOD_MATCH = YES;
				"CODE_SIGN_IDENTITY[sdk=iphoneos*]" = "iPhone Developer";
				COPY_PHASE_STRIP = NO;
				GCC_C_LANGUAGE_STANDARD = gnu99;
				GCC_DYNAMIC_NO_PIC = NO;
				GCC_OPTIMIZATION_LEVEL = 0;
				GCC_PREPROCESSOR_DEFINITIONS = (
					"DEBUG=1",
					"$(inherited)",
				);
				GCC_SYMBOLS_PRIVATE_EXTERN = NO;
				GCC_VERSION = com.apple.compilers.llvm.clang.1_0;
				GCC_WARN_ABOUT_RETURN_TYPE = YES;
				GCC_WARN_UNINITIALIZED_AUTOS = YES;
				GCC_WARN_UNUSED_VARIABLE = YES;
				IPHONEOS_DEPLOYMENT_TARGET = 4.3;
				SDKROOT = iphoneos;
			};
			name = Debug;
		};
		1683F43A15FC17CC00042387 /* Release */ = {
			isa = XCBuildConfiguration;
			buildSettings = {
				ALWAYS_SEARCH_USER_PATHS = NO;
				ARCHS = "$(ARCHS_STANDARD_32_BIT)";
				CLANG_CXX_LANGUAGE_STANDARD = "gnu++0x";
				CLANG_WARN__DUPLICATE_METHOD_MATCH = YES;
				"CODE_SIGN_IDENTITY[sdk=iphoneos*]" = "iPhone Developer";
				COPY_PHASE_STRIP = YES;
				GCC_C_LANGUAGE_STANDARD = gnu99;
				GCC_VERSION = com.apple.compilers.llvm.clang.1_0;
				GCC_WARN_ABOUT_RETURN_TYPE = YES;
				GCC_WARN_UNINITIALIZED_AUTOS = YES;
				GCC_WARN_UNUSED_VARIABLE = YES;
				IPHONEOS_DEPLOYMENT_TARGET = 4.3;
				OTHER_CFLAGS = "-DNS_BLOCK_ASSERTIONS=1";
				SDKROOT = iphoneos;
				VALIDATE_PRODUCT = YES;
			};
			name = Release;
		};
		1683F43C15FC17CC00042387 /* Debug */ = {
			isa = XCBuildConfiguration;
			buildSettings = {
				GCC_PRECOMPILE_PREFIX_HEADER = YES;
				GCC_PREFIX_HEADER = "GridView/GridView-Prefix.pch";
				INFOPLIST_FILE = "GridView/GridView-Info.plist";
				IPHONEOS_DEPLOYMENT_TARGET = 4.3;
				PRODUCT_NAME = "$(TARGET_NAME)";
				WRAPPER_EXTENSION = app;
			};
			name = Debug;
		};
		1683F43D15FC17CC00042387 /* Release */ = {
			isa = XCBuildConfiguration;
			buildSettings = {
				GCC_PRECOMPILE_PREFIX_HEADER = YES;
				GCC_PREFIX_HEADER = "GridView/GridView-Prefix.pch";
				INFOPLIST_FILE = "GridView/GridView-Info.plist";
				IPHONEOS_DEPLOYMENT_TARGET = 4.3;
				PRODUCT_NAME = "$(TARGET_NAME)";
				WRAPPER_EXTENSION = app;
			};
			name = Release;
		};
/* End XCBuildConfiguration section */

/* Begin XCConfigurationList section */
		1683F41715FC17CC00042387 /* Build configuration list for PBXProject "GridView" */ = {
			isa = XCConfigurationList;
			buildConfigurations = (
				1683F43915FC17CC00042387 /* Debug */,
				1683F43A15FC17CC00042387 /* Release */,
			);
			defaultConfigurationIsVisible = 0;
			defaultConfigurationName = Release;
		};
		1683F43B15FC17CC00042387 /* Build configuration list for PBXNativeTarget "GridView" */ = {
			isa = XCConfigurationList;
			buildConfigurations = (
				1683F43C15FC17CC00042387 /* Debug */,
				1683F43D15FC17CC00042387 /* Release */,
			);
			defaultConfigurationIsVisible = 0;
			defaultConfigurationName = Release;
		};
/* End XCConfigurationList section */
	};
	rootObject = 1683F41415FC17CC00042387 /* Project object */;
}
