// !$*UTF8*$!
{
	archiveVersion = 1;
	classes = {
	};
	objectVersion = 46;
	objects = {

/* Begin PBXBuildFile section */
		165689AD1791985D00A39702 /* UIKit.framework in Frameworks */ = {isa = PBXBuildFile; fileRef = 165689AC1791985D00A39702 /* UIKit.framework */; };
		165689AF1791985D00A39702 /* Foundation.framework in Frameworks */ = {isa = PBXBuildFile; fileRef = 165689AE1791985D00A39702 /* Foundation.framework */; };
		165689B11791985D00A39702 /* CoreGraphics.framework in Frameworks */ = {isa = PBXBuildFile; fileRef = 165689B01791985D00A39702 /* CoreGraphics.framework */; };
		165689B91791985D00A39702 /* main.m in Sources */ = {isa = PBXBuildFile; fileRef = 165689B81791985D00A39702 /* main.m */; };
		165689BD1791985D00A39702 /* AppDelegate.m in Sources */ = {isa = PBXBuildFile; fileRef = 165689BC1791985D00A39702 /* AppDelegate.m */; };
		165689C61791985D00A39702 /* ViewController.m in Sources */ = {isa = PBXBuildFile; fileRef = 165689C51791985D00A39702 /* ViewController.m */; };
		165689D717919AFA00A39702 /* ViewController.xib in Resources */ = {isa = PBXBuildFile; fileRef = 165689D617919AFA00A39702 /* ViewController.xib */; };
		165689DA1791A70800A39702 /* main.m in Sources */ = {isa = PBXBuildFile; fileRef = 165689B81791985D00A39702 /* main.m */; };
		165689DB1791A70800A39702 /* AppDelegate.m in Sources */ = {isa = PBXBuildFile; fileRef = 165689BC1791985D00A39702 /* AppDelegate.m */; };
		165689DC1791A70800A39702 /* ViewController.m in Sources */ = {isa = PBXBuildFile; fileRef = 165689C51791985D00A39702 /* ViewController.m */; };
		165689DE1791A70800A39702 /* UIKit.framework in Frameworks */ = {isa = PBXBuildFile; fileRef = 165689AC1791985D00A39702 /* UIKit.framework */; };
		165689DF1791A70800A39702 /* Foundation.framework in Frameworks */ = {isa = PBXBuildFile; fileRef = 165689AE1791985D00A39702 /* Foundation.framework */; };
		165689E01791A70800A39702 /* CoreGraphics.framework in Frameworks */ = {isa = PBXBuildFile; fileRef = 165689B01791985D00A39702 /* CoreGraphics.framework */; };
		165689E81791A70800A39702 /* ViewController.xib in Resources */ = {isa = PBXBuildFile; fileRef = 165689D617919AFA00A39702 /* ViewController.xib */; };
		16DFF25017927E6400D874F8 /* background.png in Resources */ = {isa = PBXBuildFile; fileRef = 16DFF24F17927E6400D874F8 /* background.png */; };
		16DFF25117927E6900D874F8 /* background.png in Resources */ = {isa = PBXBuildFile; fileRef = 16DFF24F17927E6400D874F8 /* background.png */; };
		16DFF2531792827D00D874F8 /* picture.jpg in Resources */ = {isa = PBXBuildFile; fileRef = 16DFF2521792827D00D874F8 /* picture.jpg */; };
		16DFF256179282E200D874F8 /* picture.jpg in Resources */ = {isa = PBXBuildFile; fileRef = 16DFF2541792828A00D874F8 /* picture.jpg */; };
		16DFF25C179288BB00D874F8 /* InfoPlist.strings in Resources */ = {isa = PBXBuildFile; fileRef = 16DFF25E179288BB00D874F8 /* InfoPlist.strings */; };
		16DFF260179288DE00D874F8 /* InfoPlist.strings in Resources */ = {isa = PBXBuildFile; fileRef = 16DFF262179288DE00D874F8 /* InfoPlist.strings */; };
		16DFF26917928CB100D874F8 /* Default-568h@2x.png in Resources */ = {isa = PBXBuildFile; fileRef = 16DFF26417928CB100D874F8 /* Default-568h@2x.png */; };
		16DFF26A17928CB100D874F8 /* Default.png in Resources */ = {isa = PBXBuildFile; fileRef = 16DFF26517928CB100D874F8 /* Default.png */; };
		16DFF26B17928CB100D874F8 /* Default@2x.png in Resources */ = {isa = PBXBuildFile; fileRef = 16DFF26617928CB100D874F8 /* Default@2x.png */; };
		16DFF26C17928CB100D874F8 /* Icon.png in Resources */ = {isa = PBXBuildFile; fileRef = 16DFF26717928CB100D874F8 /* Icon.png */; };
		16DFF26D17928CB100D874F8 /* Icon@2x.png in Resources */ = {isa = PBXBuildFile; fileRef = 16DFF26817928CB100D874F8 /* Icon@2x.png */; };
		16DFF27817928CEE00D874F8 /* Default-568h@2x.png in Resources */ = {isa = PBXBuildFile; fileRef = 16DFF26E17928CC300D874F8 /* Default-568h@2x.png */; };
		16DFF27917928CF200D874F8 /* Default.png in Resources */ = {isa = PBXBuildFile; fileRef = 16DFF26F17928CC300D874F8 /* Default.png */; };
		16DFF27A17928CF500D874F8 /* Default@2x.png in Resources */ = {isa = PBXBuildFile; fileRef = 16DFF27017928CC300D874F8 /* Default@2x.png */; };
		16DFF27B17928CF800D874F8 /* Icon.png in Resources */ = {isa = PBXBuildFile; fileRef = 16DFF27117928CC300D874F8 /* Icon.png */; };
		16DFF27C17928CFA00D874F8 /* Icon@2x.png in Resources */ = {isa = PBXBuildFile; fileRef = 16DFF27217928CC300D874F8 /* Icon@2x.png */; };
/* End PBXBuildFile section */

/* Begin PBXFileReference section */
		165689A91791985D00A39702 /* MultipleTargets.app */ = {isa = PBXFileReference; explicitFileType = wrapper.application; includeInIndex = 0; path = MultipleTargets.app; sourceTree = BUILT_PRODUCTS_DIR; };
		165689AC1791985D00A39702 /* UIKit.framework */ = {isa = PBXFileReference; lastKnownFileType = wrapper.framework; name = UIKit.framework; path = System/Library/Frameworks/UIKit.framework; sourceTree = SDKROOT; };
		165689AE1791985D00A39702 /* Foundation.framework */ = {isa = PBXFileReference; lastKnownFileType = wrapper.framework; name = Foundation.framework; path = System/Library/Frameworks/Foundation.framework; sourceTree = SDKROOT; };
		165689B01791985D00A39702 /* CoreGraphics.framework */ = {isa = PBXFileReference; lastKnownFileType = wrapper.framework; name = CoreGraphics.framework; path = System/Library/Frameworks/CoreGraphics.framework; sourceTree = SDKROOT; };
		165689B41791985D00A39702 /* MultipleTargets-Info.plist */ = {isa = PBXFileReference; lastKnownFileType = text.plist.xml; path = "MultipleTargets-Info.plist"; sourceTree = "<group>"; };
		165689B81791985D00A39702 /* main.m */ = {isa = PBXFileReference; lastKnownFileType = sourcecode.c.objc; path = main.m; sourceTree = "<group>"; };
		165689BA1791985D00A39702 /* MultipleTargets-Prefix.pch */ = {isa = PBXFileReference; lastKnownFileType = sourcecode.c.h; path = "MultipleTargets-Prefix.pch"; sourceTree = "<group>"; };
		165689BB1791985D00A39702 /* AppDelegate.h */ = {isa = PBXFileReference; lastKnownFileType = sourcecode.c.h; path = AppDelegate.h; sourceTree = "<group>"; };
		165689BC1791985D00A39702 /* AppDelegate.m */ = {isa = PBXFileReference; lastKnownFileType = sourcecode.c.objc; path = AppDelegate.m; sourceTree = "<group>"; };
		165689C41791985D00A39702 /* ViewController.h */ = {isa = PBXFileReference; lastKnownFileType = sourcecode.c.h; path = ViewController.h; sourceTree = "<group>"; };
		165689C51791985D00A39702 /* ViewController.m */ = {isa = PBXFileReference; lastKnownFileType = sourcecode.c.objc; path = ViewController.m; sourceTree = "<group>"; };
		165689D617919AFA00A39702 /* ViewController.xib */ = {isa = PBXFileReference; fileEncoding = 4; lastKnownFileType = file.xib; path = ViewController.xib; sourceTree = "<group>"; };
		165689EC1791A70800A39702 /* MultipleTargets-Sub.app */ = {isa = PBXFileReference; explicitFileType = wrapper.application; includeInIndex = 0; path = "MultipleTargets-Sub.app"; sourceTree = BUILT_PRODUCTS_DIR; };
		165689ED1791A70800A39702 /* MultipleTargets-Sub-Info.plist */ = {isa = PBXFileReference; lastKnownFileType = text.plist.xml; name = "MultipleTargets-Sub-Info.plist"; path = "/Users/akabeko/Documents/dev/app/Xcode/samples/Examples-iOS/MultipleTargets/MultipleTargets-Sub-Info.plist"; sourceTree = "<absolute>"; };
		16DFF24F17927E6400D874F8 /* background.png */ = {isa = PBXFileReference; lastKnownFileType = image.png; name = background.png; path = res/background.png; sourceTree = "<group>"; };
		16DFF2521792827D00D874F8 /* picture.jpg */ = {isa = PBXFileReference; lastKnownFileType = image.jpeg; name = picture.jpg; path = res/Original/picture.jpg; sourceTree = "<group>"; };
		16DFF2541792828A00D874F8 /* picture.jpg */ = {isa = PBXFileReference; lastKnownFileType = image.jpeg; name = picture.jpg; path = res/Sub/picture.jpg; sourceTree = "<group>"; };
		16DFF25D179288BB00D874F8 /* en */ = {isa = PBXFileReference; lastKnownFileType = file; name = en; path = en.lproj/InfoPlist.strings; sourceTree = "<group>"; };
		16DFF25F179288CE00D874F8 /* ja */ = {isa = PBXFileReference; lastKnownFileType = file; name = ja; path = ja.lproj/InfoPlist.strings; sourceTree = "<group>"; };
		16DFF261179288DE00D874F8 /* en */ = {isa = PBXFileReference; lastKnownFileType = file; name = en; path = en.lproj/InfoPlist.strings; sourceTree = "<group>"; };
		16DFF263179288E100D874F8 /* ja */ = {isa = PBXFileReference; lastKnownFileType = file; name = ja; path = ja.lproj/InfoPlist.strings; sourceTree = "<group>"; };
		16DFF26417928CB100D874F8 /* Default-568h@2x.png */ = {isa = PBXFileReference; lastKnownFileType = image.png; name = "Default-568h@2x.png"; path = "res/Original/Default-568h@2x.png"; sourceTree = "<group>"; };
		16DFF26517928CB100D874F8 /* Default.png */ = {isa = PBXFileReference; lastKnownFileType = image.png; name = Default.png; path = res/Original/Default.png; sourceTree = "<group>"; };
		16DFF26617928CB100D874F8 /* Default@2x.png */ = {isa = PBXFileReference; lastKnownFileType = image.png; name = "Default@2x.png"; path = "res/Original/Default@2x.png"; sourceTree = "<group>"; };
		16DFF26717928CB100D874F8 /* Icon.png */ = {isa = PBXFileReference; lastKnownFileType = image.png; name = Icon.png; path = res/Original/Icon.png; sourceTree = "<group>"; };
		16DFF26817928CB100D874F8 /* Icon@2x.png */ = {isa = PBXFileReference; lastKnownFileType = image.png; name = "Icon@2x.png"; path = "res/Original/Icon@2x.png"; sourceTree = "<group>"; };
		16DFF26E17928CC300D874F8 /* Default-568h@2x.png */ = {isa = PBXFileReference; lastKnownFileType = image.png; name = "Default-568h@2x.png"; path = "res/Sub/Default-568h@2x.png"; sourceTree = "<group>"; };
		16DFF26F17928CC300D874F8 /* Default.png */ = {isa = PBXFileReference; lastKnownFileType = image.png; name = Default.png; path = res/Sub/Default.png; sourceTree = "<group>"; };
		16DFF27017928CC300D874F8 /* Default@2x.png */ = {isa = PBXFileReference; lastKnownFileType = image.png; name = "Default@2x.png"; path = "res/Sub/Default@2x.png"; sourceTree = "<group>"; };
		16DFF27117928CC300D874F8 /* Icon.png */ = {isa = PBXFileReference; lastKnownFileType = image.png; name = Icon.png; path = res/Sub/Icon.png; sourceTree = "<group>"; };
		16DFF27217928CC300D874F8 /* Icon@2x.png */ = {isa = PBXFileReference; lastKnownFileType = image.png; name = "Icon@2x.png"; path = "res/Sub/Icon@2x.png"; sourceTree = "<group>"; };
/* End PBXFileReference section */

/* Begin PBXFrameworksBuildPhase section */
		165689A61791985C00A39702 /* Frameworks */ = {
			isa = PBXFrameworksBuildPhase;
			buildActionMask = 2147483647;
			files = (
				165689AD1791985D00A39702 /* UIKit.framework in Frameworks */,
				165689AF1791985D00A39702 /* Foundation.framework in Frameworks */,
				165689B11791985D00A39702 /* CoreGraphics.framework in Frameworks */,
			);
			runOnlyForDeploymentPostprocessing = 0;
		};
		165689DD1791A70800A39702 /* Frameworks */ = {
			isa = PBXFrameworksBuildPhase;
			buildActionMask = 2147483647;
			files = (
				165689DE1791A70800A39702 /* UIKit.framework in Frameworks */,
				165689DF1791A70800A39702 /* Foundation.framework in Frameworks */,
				165689E01791A70800A39702 /* CoreGraphics.framework in Frameworks */,
			);
			runOnlyForDeploymentPostprocessing = 0;
		};
/* End PBXFrameworksBuildPhase section */

/* Begin PBXGroup section */
		165689A01791985C00A39702 = {
			isa = PBXGroup;
			children = (
				165689B21791985D00A39702 /* MultipleTargets */,
				165689AB1791985D00A39702 /* Frameworks */,
				165689AA1791985D00A39702 /* Products */,
			);
			sourceTree = "<group>";
		};
		165689AA1791985D00A39702 /* Products */ = {
			isa = PBXGroup;
			children = (
				165689A91791985D00A39702 /* MultipleTargets.app */,
				165689EC1791A70800A39702 /* MultipleTargets-Sub.app */,
			);
			name = Products;
			sourceTree = "<group>";
		};
		165689AB1791985D00A39702 /* Frameworks */ = {
			isa = PBXGroup;
			children = (
				165689AC1791985D00A39702 /* UIKit.framework */,
				165689AE1791985D00A39702 /* Foundation.framework */,
				165689B01791985D00A39702 /* CoreGraphics.framework */,
			);
			name = Frameworks;
			sourceTree = "<group>";
		};
		165689B21791985D00A39702 /* MultipleTargets */ = {
			isa = PBXGroup;
			children = (
				165689BB1791985D00A39702 /* AppDelegate.h */,
				165689BC1791985D00A39702 /* AppDelegate.m */,
				165689C41791985D00A39702 /* ViewController.h */,
				165689C51791985D00A39702 /* ViewController.m */,
				165689D617919AFA00A39702 /* ViewController.xib */,
				165689B31791985D00A39702 /* Supporting Files */,
			);
			path = MultipleTargets;
			sourceTree = "<group>";
		};
		165689B31791985D00A39702 /* Supporting Files */ = {
			isa = PBXGroup;
			children = (
				165689CF179198C200A39702 /* res */,
				165689B41791985D00A39702 /* MultipleTargets-Info.plist */,
				165689ED1791A70800A39702 /* MultipleTargets-Sub-Info.plist */,
				165689B81791985D00A39702 /* main.m */,
				165689BA1791985D00A39702 /* MultipleTargets-Prefix.pch */,
			);
			name = "Supporting Files";
			sourceTree = "<group>";
		};
		165689CF179198C200A39702 /* res */ = {
			isa = PBXGroup;
			children = (
				16DFF24F17927E6400D874F8 /* background.png */,
				16DFF24D17927E3000D874F8 /* Original */,
				16DFF24E17927E3800D874F8 /* Sub */,
			);
			name = res;
			sourceTree = "<group>";
		};
		16DFF24D17927E3000D874F8 /* Original */ = {
			isa = PBXGroup;
			children = (
				16DFF26417928CB100D874F8 /* Default-568h@2x.png */,
				16DFF26517928CB100D874F8 /* Default.png */,
				16DFF26617928CB100D874F8 /* Default@2x.png */,
				16DFF26717928CB100D874F8 /* Icon.png */,
				16DFF26817928CB100D874F8 /* Icon@2x.png */,
				16DFF262179288DE00D874F8 /* InfoPlist.strings */,
				16DFF2521792827D00D874F8 /* picture.jpg */,
			);
			name = Original;
			sourceTree = "<group>";
		};
		16DFF24E17927E3800D874F8 /* Sub */ = {
			isa = PBXGroup;
			children = (
				16DFF26E17928CC300D874F8 /* Default-568h@2x.png */,
				16DFF26F17928CC300D874F8 /* Default.png */,
				16DFF27017928CC300D874F8 /* Default@2x.png */,
				16DFF27117928CC300D874F8 /* Icon.png */,
				16DFF27217928CC300D874F8 /* Icon@2x.png */,
				16DFF25E179288BB00D874F8 /* InfoPlist.strings */,
				16DFF2541792828A00D874F8 /* picture.jpg */,
			);
			name = Sub;
			sourceTree = "<group>";
		};
/* End PBXGroup section */

/* Begin PBXNativeTarget section */
		165689A81791985C00A39702 /* MultipleTargets */ = {
			isa = PBXNativeTarget;
			buildConfigurationList = 165689CC1791985D00A39702 /* Build configuration list for PBXNativeTarget "MultipleTargets" */;
			buildPhases = (
				165689A51791985C00A39702 /* Sources */,
				165689A61791985C00A39702 /* Frameworks */,
				165689A71791985C00A39702 /* Resources */,
			);
			buildRules = (
			);
			dependencies = (
			);
			name = MultipleTargets;
			productName = MultipleTargets;
			productReference = 165689A91791985D00A39702 /* MultipleTargets.app */;
			productType = "com.apple.product-type.application";
		};
		165689D81791A70800A39702 /* MultipleTargets-Sub */ = {
			isa = PBXNativeTarget;
			buildConfigurationList = 165689E91791A70800A39702 /* Build configuration list for PBXNativeTarget "MultipleTargets-Sub" */;
			buildPhases = (
				165689D91791A70800A39702 /* Sources */,
				165689DD1791A70800A39702 /* Frameworks */,
				165689E11791A70800A39702 /* Resources */,
			);
			buildRules = (
			);
			dependencies = (
			);
			name = "MultipleTargets-Sub";
			productName = MultipleTargets;
			productReference = 165689EC1791A70800A39702 /* MultipleTargets-Sub.app */;
			productType = "com.apple.product-type.application";
		};
/* End PBXNativeTarget section */

/* Begin PBXProject section */
		165689A11791985C00A39702 /* Project object */ = {
			isa = PBXProject;
			attributes = {
				LastUpgradeCheck = 0460;
				ORGANIZATIONNAME = akabeko;
			};
			buildConfigurationList = 165689A41791985C00A39702 /* Build configuration list for PBXProject "MultipleTargets" */;
			compatibilityVersion = "Xcode 3.2";
			developmentRegion = English;
			hasScannedForEncodings = 0;
			knownRegions = (
				en,
				ja,
			);
			mainGroup = 165689A01791985C00A39702;
			productRefGroup = 165689AA1791985D00A39702 /* Products */;
			projectDirPath = "";
			projectRoot = "";
			targets = (
				165689A81791985C00A39702 /* MultipleTargets */,
				165689D81791A70800A39702 /* MultipleTargets-Sub */,
			);
		};
/* End PBXProject section */

/* Begin PBXResourcesBuildPhase section */
		165689A71791985C00A39702 /* Resources */ = {
			isa = PBXResourcesBuildPhase;
			buildActionMask = 2147483647;
			files = (
				165689D717919AFA00A39702 /* ViewController.xib in Resources */,
				16DFF25017927E6400D874F8 /* background.png in Resources */,
				16DFF2531792827D00D874F8 /* picture.jpg in Resources */,
				16DFF260179288DE00D874F8 /* InfoPlist.strings in Resources */,
				16DFF26917928CB100D874F8 /* Default-568h@2x.png in Resources */,
				16DFF26A17928CB100D874F8 /* Default.png in Resources */,
				16DFF26B17928CB100D874F8 /* Default@2x.png in Resources */,
				16DFF26C17928CB100D874F8 /* Icon.png in Resources */,
				16DFF26D17928CB100D874F8 /* Icon@2x.png in Resources */,
			);
			runOnlyForDeploymentPostprocessing = 0;
		};
		165689E11791A70800A39702 /* Resources */ = {
			isa = PBXResourcesBuildPhase;
			buildActionMask = 2147483647;
			files = (
				165689E81791A70800A39702 /* ViewController.xib in Resources */,
				16DFF25117927E6900D874F8 /* background.png in Resources */,
				16DFF256179282E200D874F8 /* picture.jpg in Resources */,
				16DFF25C179288BB00D874F8 /* InfoPlist.strings in Resources */,
				16DFF27817928CEE00D874F8 /* Default-568h@2x.png in Resources */,
				16DFF27917928CF200D874F8 /* Default.png in Resources */,
				16DFF27A17928CF500D874F8 /* Default@2x.png in Resources */,
				16DFF27B17928CF800D874F8 /* Icon.png in Resources */,
				16DFF27C17928CFA00D874F8 /* Icon@2x.png in Resources */,
			);
			runOnlyForDeploymentPostprocessing = 0;
		};
/* End PBXResourcesBuildPhase section */

/* Begin PBXSourcesBuildPhase section */
		165689A51791985C00A39702 /* Sources */ = {
			isa = PBXSourcesBuildPhase;
			buildActionMask = 2147483647;
			files = (
				165689B91791985D00A39702 /* main.m in Sources */,
				165689BD1791985D00A39702 /* AppDelegate.m in Sources */,
				165689C61791985D00A39702 /* ViewController.m in Sources */,
			);
			runOnlyForDeploymentPostprocessing = 0;
		};
		165689D91791A70800A39702 /* Sources */ = {
			isa = PBXSourcesBuildPhase;
			buildActionMask = 2147483647;
			files = (
				165689DA1791A70800A39702 /* main.m in Sources */,
				165689DB1791A70800A39702 /* AppDelegate.m in Sources */,
				165689DC1791A70800A39702 /* ViewController.m in Sources */,
			);
			runOnlyForDeploymentPostprocessing = 0;
		};
/* End PBXSourcesBuildPhase section */

/* Begin PBXVariantGroup section */
		16DFF25E179288BB00D874F8 /* InfoPlist.strings */ = {
			isa = PBXVariantGroup;
			children = (
				16DFF25D179288BB00D874F8 /* en */,
				16DFF25F179288CE00D874F8 /* ja */,
			);
			name = InfoPlist.strings;
			path = res/Sub;
			sourceTree = "<group>";
		};
		16DFF262179288DE00D874F8 /* InfoPlist.strings */ = {
			isa = PBXVariantGroup;
			children = (
				16DFF261179288DE00D874F8 /* en */,
				16DFF263179288E100D874F8 /* ja */,
			);
			name = InfoPlist.strings;
			path = res/Original;
			sourceTree = "<group>";
		};
/* End PBXVariantGroup section */

/* Begin XCBuildConfiguration section */
		165689CA1791985D00A39702 /* Debug */ = {
			isa = XCBuildConfiguration;
			buildSettings = {
				ALWAYS_SEARCH_USER_PATHS = NO;
				CLANG_CXX_LANGUAGE_STANDARD = "gnu++0x";
				CLANG_CXX_LIBRARY = "libc++";
				CLANG_ENABLE_OBJC_ARC = YES;
				CLANG_WARN_CONSTANT_CONVERSION = YES;
				CLANG_WARN_EMPTY_BODY = YES;
				CLANG_WARN_ENUM_CONVERSION = YES;
				CLANG_WARN_INT_CONVERSION = YES;
				CLANG_WARN__DUPLICATE_METHOD_MATCH = YES;
				"CODE_SIGN_IDENTITY[sdk=iphoneos*]" = "iPhone Developer";
				COPY_PHASE_STRIP = NO;
				GCC_C_LANGUAGE_STANDARD = gnu99;
				GCC_DYNAMIC_NO_PIC = NO;
				GCC_OPTIMIZATION_LEVEL = 0;
				GCC_PREPROCESSOR_DEFINITIONS = (
					"DEBUG=1",
					"$(inherited)",
				);
				GCC_SYMBOLS_PRIVATE_EXTERN = NO;
				GCC_WARN_ABOUT_RETURN_TYPE = YES;
				GCC_WARN_UNINITIALIZED_AUTOS = YES;
				GCC_WARN_UNUSED_VARIABLE = YES;
				IPHONEOS_DEPLOYMENT_TARGET = 6.1;
				ONLY_ACTIVE_ARCH = YES;
				SDKROOT = iphoneos;
			};
			name = Debug;
		};
		165689CB1791985D00A39702 /* Release */ = {
			isa = XCBuildConfiguration;
			buildSettings = {
				ALWAYS_SEARCH_USER_PATHS = NO;
				CLANG_CXX_LANGUAGE_STANDARD = "gnu++0x";
				CLANG_CXX_LIBRARY = "libc++";
				CLANG_ENABLE_OBJC_ARC = YES;
				CLANG_WARN_CONSTANT_CONVERSION = YES;
				CLANG_WARN_EMPTY_BODY = YES;
				CLANG_WARN_ENUM_CONVERSION = YES;
				CLANG_WARN_INT_CONVERSION = YES;
				CLANG_WARN__DUPLICATE_METHOD_MATCH = YES;
				"CODE_SIGN_IDENTITY[sdk=iphoneos*]" = "iPhone Developer";
				COPY_PHASE_STRIP = YES;
				GCC_C_LANGUAGE_STANDARD = gnu99;
				GCC_WARN_ABOUT_RETURN_TYPE = YES;
				GCC_WARN_UNINITIALIZED_AUTOS = YES;
				GCC_WARN_UNUSED_VARIABLE = YES;
				IPHONEOS_DEPLOYMENT_TARGET = 6.1;
				OTHER_CFLAGS = "-DNS_BLOCK_ASSERTIONS=1";
				SDKROOT = iphoneos;
				VALIDATE_PRODUCT = YES;
			};
			name = Release;
		};
		165689CD1791985D00A39702 /* Debug */ = {
			isa = XCBuildConfiguration;
			buildSettings = {
				GCC_PRECOMPILE_PREFIX_HEADER = YES;
				GCC_PREFIX_HEADER = "MultipleTargets/MultipleTargets-Prefix.pch";
				INFOPLIST_FILE = "MultipleTargets/MultipleTargets-Info.plist";
				IPHONEOS_DEPLOYMENT_TARGET = 5.1;
				PRODUCT_NAME = "$(TARGET_NAME)";
				WRAPPER_EXTENSION = app;
			};
			name = Debug;
		};
		165689CE1791985D00A39702 /* Release */ = {
			isa = XCBuildConfiguration;
			buildSettings = {
				GCC_PRECOMPILE_PREFIX_HEADER = YES;
				GCC_PREFIX_HEADER = "MultipleTargets/MultipleTargets-Prefix.pch";
				INFOPLIST_FILE = "MultipleTargets/MultipleTargets-Info.plist";
				IPHONEOS_DEPLOYMENT_TARGET = 5.1;
				PRODUCT_NAME = "$(TARGET_NAME)";
				WRAPPER_EXTENSION = app;
			};
			name = Release;
		};
		165689EA1791A70800A39702 /* Debug */ = {
			isa = XCBuildConfiguration;
			buildSettings = {
				GCC_PRECOMPILE_PREFIX_HEADER = YES;
				GCC_PREFIX_HEADER = "MultipleTargets/MultipleTargets-Prefix.pch";
				INFOPLIST_FILE = "MultipleTargets-Sub-Info.plist";
				IPHONEOS_DEPLOYMENT_TARGET = 5.1;
				PRODUCT_NAME = "MultipleTargets-Sub";
				WRAPPER_EXTENSION = app;
			};
			name = Debug;
		};
		165689EB1791A70800A39702 /* Release */ = {
			isa = XCBuildConfiguration;
			buildSettings = {
				GCC_PRECOMPILE_PREFIX_HEADER = YES;
				GCC_PREFIX_HEADER = "MultipleTargets/MultipleTargets-Prefix.pch";
				INFOPLIST_FILE = "MultipleTargets-Sub-Info.plist";
				IPHONEOS_DEPLOYMENT_TARGET = 5.1;
				PRODUCT_NAME = "MultipleTargets-Sub";
				WRAPPER_EXTENSION = app;
			};
			name = Release;
		};
/* End XCBuildConfiguration section */

/* Begin XCConfigurationList section */
		165689A41791985C00A39702 /* Build configuration list for PBXProject "MultipleTargets" */ = {
			isa = XCConfigurationList;
			buildConfigurations = (
				165689CA1791985D00A39702 /* Debug */,
				165689CB1791985D00A39702 /* Release */,
			);
			defaultConfigurationIsVisible = 0;
			defaultConfigurationName = Release;
		};
		165689CC1791985D00A39702 /* Build configuration list for PBXNativeTarget "MultipleTargets" */ = {
			isa = XCConfigurationList;
			buildConfigurations = (
				165689CD1791985D00A39702 /* Debug */,
				165689CE1791985D00A39702 /* Release */,
			);
			defaultConfigurationIsVisible = 0;
			defaultConfigurationName = Release;
		};
		165689E91791A70800A39702 /* Build configuration list for PBXNativeTarget "MultipleTargets-Sub" */ = {
			isa = XCConfigurationList;
			buildConfigurations = (
				165689EA1791A70800A39702 /* Debug */,
				165689EB1791A70800A39702 /* Release */,
			);
			defaultConfigurationIsVisible = 0;
			defaultConfigurationName = Release;
		};
/* End XCConfigurationList section */
	};
	rootObject = 165689A11791985C00A39702 /* Project object */;
}
